
Microsoft Visual Studio Solution File, Format Version 12.00
# Visual Studio 15
Project("{FAE04EC0-301F-11D3-BF4B-00C04F79EFBC}") = "WalletWasabi.Gui", "WalletWasabi.Gui.csproj", "{52CBD396-6348-4F37-980F-33B83B4F7ECD}"
EndProject
Global
	GlobalSection(SolutionConfigurationPlatforms) = preSolution
		Debug|Any CPU = Debug|Any CPU
		Release|Any CPU = Release|Any CPU
	EndGlobalSection
	GlobalSection(ProjectConfigurationPlatforms) = postSolution
		{52CBD396-6348-4F37-980F-33B83B4F7ECD}.Debug|Any CPU.ActiveCfg = Debug|Any CPU
		{52CBD396-6348-4F37-980F-33B83B4F7ECD}.Debug|Any CPU.Build.0 = Debug|Any CPU
		{52CBD396-6348-4F37-980F-33B83B4F7ECD}.Release|Any CPU.ActiveCfg = Release|Any CPU
		{52CBD396-6348-4F37-980F-33B83B4F7ECD}.Release|Any CPU.Build.0 = Release|Any CPU
	EndGlobalSection
EndGlobal
