{
  "version": 2,
  "dependencies": {
    "net7.0": {
      "Avalonia": {
        "type": "Direct",
        "requested": "[11.0.6, )",
        "resolved": "11.0.6",
        "contentHash": "BhuWLzZOWKqv6i0dTvbx/jsSwqZDhY4093+ihRai0TIc48kgGhX3TpUGRsRFfzfnb7FHwlkgZHjNgleVX+LEJg==",
        "dependencies": {
          "Avalonia.BuildServices": "0.0.29",
          "Avalonia.Remote.Protocol": "11.0.6",
          "MicroCom.Runtime": "0.11.0",
          "System.ComponentModel.Annotations": "4.5.0"
        }
      },
      "Avalonia.Controls.TreeDataGrid": {
        "type": "Direct",
        "requested": "[11.0.1, )",
        "resolved": "11.0.1",
        "contentHash": "ePb6ASgu44chr1wA1tvIUQdHCgtyHdOiA9zvAVZkQ6ly7PtjjSWtqdaxF3mGPnUYt2ieaK8qIUEbxQkCjQHqyg==",
        "dependencies": {
          "Avalonia": "11.0.0",
          "System.Reactive": "5.0.0"
        }
      },
      "Avalonia.Diagnostics": {
        "type": "Direct",
        "requested": "[11.0.6, )",
        "resolved": "11.0.6",
        "contentHash": "at06sYm/Eyktt/ECQCldJrFhnAQjSsxBpdePOZQo/AUJVhO/K8EzYH2+Ym0Tc9gY6ledEHJlhDTSaNA6R+xfKA==",
        "dependencies": {
          "Avalonia": "11.0.6",
          "Avalonia.Controls.ColorPicker": "11.0.6",
          "Avalonia.Controls.DataGrid": "11.0.6",
          "Avalonia.Themes.Simple": "11.0.6",
          "Microsoft.CodeAnalysis.CSharp.Scripting": "3.8.0",
          "Microsoft.CodeAnalysis.Common": "3.8.0"
        }
      },
      "Avalonia.Fonts.Inter": {
        "type": "Direct",
        "requested": "[11.0.6, )",
        "resolved": "11.0.6",
        "contentHash": "RucxTP8JstJvEr7p0648auRFWRHI49jj4PM2a6GzkiNsvZ+gVL8bz/y6md4+ANZFu7GTj8rdcAf2Fqq1ERdXqw==",
        "dependencies": {
          "Avalonia": "11.0.6"
        }
      },
      "Avalonia.ReactiveUI": {
        "type": "Direct",
        "requested": "[11.0.6, )",
        "resolved": "11.0.6",
        "contentHash": "tA+6LhDWCaSXms0YJcLJy3ib5XJFtjYWlSRygooRCv+rR0Jiw8X7UA6DppEe8SgWJMc395XfiIioEcQ3NfPBeA==",
        "dependencies": {
          "Avalonia": "11.0.6",
          "ReactiveUI": "18.3.1",
          "System.Reactive": "5.0.0"
        }
      },
      "Avalonia.Skia": {
        "type": "Direct",
        "requested": "[11.0.6, )",
        "resolved": "11.0.6",
        "contentHash": "pl+VsGJknUliP4e6Lvj/eGArOamJys7f4BG5CCgbjSamUeg+sd+VN+UdM7GhUcagmeaiTSgzOmV+1+oKsCB9xw==",
        "dependencies": {
          "Avalonia": "11.0.6",
          "HarfBuzzSharp": "7.3.0",
          "HarfBuzzSharp.NativeAssets.Linux": "7.3.0",
          "HarfBuzzSharp.NativeAssets.WebAssembly": "7.3.0",
          "SkiaSharp": "2.88.6",
          "SkiaSharp.NativeAssets.Linux": "2.88.6",
          "SkiaSharp.NativeAssets.WebAssembly": "2.88.6"
        }
      },
      "Avalonia.Themes.Fluent": {
        "type": "Direct",
        "requested": "[11.0.6, )",
        "resolved": "11.0.6",
        "contentHash": "9z2PFdJEVZo7x8UyfZDVqFF5fayealTl0VtNLwfX7DSE0lXpEPBTmx4q4KseKCFkiAQ0WZ/8YH1K3HjPeO8cHQ==",
        "dependencies": {
          "Avalonia": "11.0.6"
        }
      },
      "Avalonia.Xaml.Behaviors": {
        "type": "Direct",
        "requested": "[11.0.2, )",
        "resolved": "11.0.2",
        "contentHash": "eo1hrOYoJ6xiYg5/CAKYS5UFM9jr3TI7nokUSNKaGuUHXR7wwtRi3QE2dx29b5JamwhuCcA+oarEy53FCMvx9Q==",
        "dependencies": {
          "Avalonia": "11.0.0",
          "Avalonia.Xaml.Interactions": "11.0.2",
          "Avalonia.Xaml.Interactions.Custom": "11.0.2",
          "Avalonia.Xaml.Interactions.DragAndDrop": "11.0.2",
          "Avalonia.Xaml.Interactions.Draggable": "11.0.2",
          "Avalonia.Xaml.Interactions.Events": "11.0.2",
          "Avalonia.Xaml.Interactions.Reactive": "11.0.2",
          "Avalonia.Xaml.Interactions.Responsive": "11.0.2",
          "Avalonia.Xaml.Interactivity": "11.0.2"
        }
      },
      "DynamicData": {
        "type": "Direct",
        "requested": "[8.1.1, )",
        "resolved": "8.1.1",
        "contentHash": "NYTTP6lJudweNrIQgIM67/KzFJIp20NK+GVInqrvxdCB9JMHsihqOYplyDGuOCZbMeZXVskj8bpXZfspsdm45w==",
        "dependencies": {
          "System.Reactive": "6.0.0"
        }
      },
      "HarfBuzzSharp": {
        "type": "Direct",
        "requested": "(, )",
        "resolved": "1.4.5",
        "contentHash": "qq/q2Kv3TRtQRiLJz4KqEUW5r+numuIOque2X6u8dqsdGSx4KaShMB2742aXiJ3AETf9x+dggb82SQYg6qm9mw=="
      },
      "QRackers": {
        "type": "Direct",
        "requested": "[1.1.0, )",
        "resolved": "1.1.0",
        "contentHash": "a44f7v+IVAI+Rz2PM+EdzreEBbgT9ffOj2B8kiBAKAM4DcgHieaN/qN5RsZwUuFX3TF1HGblZ20aM1jbD+t/Kg==",
        "dependencies": {
          "SkiaSharp": "2.88.3"
        }
      },
      "System.Runtime": {
        "type": "Direct",
        "requested": "[4.3.1, )",
        "resolved": "4.3.1",
        "contentHash": "abhfv1dTK6NXOmu4bgHIONxHyEqFjW8HwXPmpY9gmll+ix9UNo4XDcmzJn6oLooftxNssVHdJC1pGT9jkSynQg==",
        "dependencies": {
          "Microsoft.NETCore.Platforms": "1.1.1",
          "Microsoft.NETCore.Targets": "1.1.3"
        }
      },
      "Avalonia.BuildServices": {
        "type": "Transitive",
        "resolved": "0.0.29",
        "contentHash": "U4eJLQdoDNHXtEba7MZUCwrBErBTxFp6sUewXBOdAhU0Kwzwaa/EKFcYm8kpcysjzKtfB4S0S9n0uxKZFz/ikw=="
      },
      "Avalonia.Controls.ColorPicker": {
        "type": "Transitive",
        "resolved": "11.0.6",
        "contentHash": "26OAWrGG81QGx+V3TG9uncyzMNM45oTw1AqdStEMShEynTx/huBXc2mP4AMiF73n8a6rU8tvVySnK4RW71vvkA==",
        "dependencies": {
          "Avalonia": "11.0.6",
          "Avalonia.Remote.Protocol": "11.0.6"
        }
      },
      "Avalonia.Controls.DataGrid": {
        "type": "Transitive",
        "resolved": "11.0.6",
        "contentHash": "tfi5cpB2dvOk3UF6cUMtqoKF08jIGH9mLfAqpAYGwq1S4CXRL7fVaNMJCeLqQ+lSuqbakVKQZ7ysdJbJLolNgw==",
        "dependencies": {
          "Avalonia": "11.0.6",
          "Avalonia.Remote.Protocol": "11.0.6"
        }
      },
      "Avalonia.Remote.Protocol": {
        "type": "Transitive",
        "resolved": "11.0.6",
        "contentHash": "aIuCvIW+gjKg3USW6FuAMW6k2HDhTTCzWcGYCnuloOSnFe3EgeqEJr+qbO2whnMD1zLoJil3RWmTBl/b/yUqOw=="
      },
      "Avalonia.Themes.Simple": {
        "type": "Transitive",
        "resolved": "11.0.6",
        "contentHash": "W4siLTZy8LH/TanayPH1112Ww2Mb1qX9bloQ9fVslUu3ZkvIy0cI+6/+ncHkmCEk5y2ctE2ZA7NepeLT1EoTRQ==",
        "dependencies": {
          "Avalonia": "11.0.6"
        }
      },
      "Avalonia.Xaml.Interactions": {
        "type": "Transitive",
        "resolved": "11.0.2",
        "contentHash": "rTJc6glZqJVlcWfTtL5a3kMGkTwTYeSCB6MNe/KOJqxUdp30u9toad06WnzgxYHSAo/o1rxO2UtWkZb4qTxhAA==",
        "dependencies": {
          "Avalonia": "11.0.0",
          "Avalonia.Xaml.Interactivity": "11.0.2"
        }
      },
      "Avalonia.Xaml.Interactions.Custom": {
        "type": "Transitive",
        "resolved": "11.0.2",
        "contentHash": "rsvjN7y5VDF7HnfgjNYBMc904s78qUamG67httUAKMBEPJoWnxtpLJWCCO7xZSM0fhplzu4cHlbfLEz9Pn62xA==",
        "dependencies": {
          "Avalonia": "11.0.0",
          "Avalonia.Xaml.Interactivity": "11.0.2"
        }
      },
      "Avalonia.Xaml.Interactions.DragAndDrop": {
        "type": "Transitive",
        "resolved": "11.0.2",
        "contentHash": "nwOdCjKqMuYB4j66osxw+XbdXVjGp0gX584atSEnZE34jMZ4zNeobnCrNkVoTT3khEPz2SNnW2uISuYEPRwCwA==",
        "dependencies": {
          "Avalonia": "11.0.0",
          "Avalonia.Xaml.Interactivity": "11.0.2"
        }
      },
      "Avalonia.Xaml.Interactions.Draggable": {
        "type": "Transitive",
        "resolved": "11.0.2",
        "contentHash": "XuBaMvOny4uSBnpCmPQra0gJUUvpvM435eMIuYpsq8MednU0cgWAqAQt5OqOYdNMfQ5TO5o0UeohvZ1DpnNe5g==",
        "dependencies": {
          "Avalonia": "11.0.0",
          "Avalonia.Xaml.Interactivity": "11.0.2"
        }
      },
      "Avalonia.Xaml.Interactions.Events": {
        "type": "Transitive",
        "resolved": "11.0.2",
        "contentHash": "bQ4f9AaVmfFPQUO6z7LCrq+YS7YffMqb1Vrp/SfqDLAZSgtK86vWed/WS0ZwIFyRi7KhIuB1576MuBYsxqJ1ng==",
        "dependencies": {
          "Avalonia": "11.0.0",
          "Avalonia.Xaml.Interactivity": "11.0.2"
        }
      },
      "Avalonia.Xaml.Interactions.Reactive": {
        "type": "Transitive",
        "resolved": "11.0.2",
        "contentHash": "p5EnNOaFyNDDDA/sbClEt7+30pvrgAsPw6DtLh4jezqKAFewJ4adIgNPlZ/4u+oPHWFE3/MbaviAJsz5+9nusg==",
        "dependencies": {
          "Avalonia": "11.0.0",
          "Avalonia.Xaml.Interactivity": "11.0.2",
          "System.Reactive": "5.0.0"
        }
      },
      "Avalonia.Xaml.Interactions.Responsive": {
        "type": "Transitive",
        "resolved": "11.0.2",
        "contentHash": "Medu+aLRQAcGw5fupuJp3TB18dAQNmr5CVJEQNDBfNQW2YxluDkCAfNESsLFvQpUCud5t3vCmBgC7mBFxvVvgA==",
        "dependencies": {
          "Avalonia": "11.0.0",
          "Avalonia.Xaml.Interactivity": "11.0.2"
        }
      },
      "Avalonia.Xaml.Interactivity": {
        "type": "Transitive",
        "resolved": "11.0.2",
        "contentHash": "8uBANon/DMvm4ywXkKHWPWL59uj9u3753NbLx8nK0vXDOHnmlRgaXlhDG0/zlpGIgFkYhM6IgCP6q31kJxnWhQ==",
        "dependencies": {
          "Avalonia": "11.0.0"
        }
      },
      "HarfBuzzSharp.NativeAssets.Linux": {
        "type": "Transitive",
        "resolved": "7.3.0",
        "contentHash": "m6F2pEBTN0zTRgQ3caJQRGQkZZizZwHHCbu+rTv+gvwteNBOpqOLD5GE4dB9TFjNNpnyHXtfuMD86JuUra9UvA==",
        "dependencies": {
          "HarfBuzzSharp": "7.3.0"
        }
      },
      "HarfBuzzSharp.NativeAssets.WebAssembly": {
        "type": "Transitive",
        "resolved": "7.3.0",
        "contentHash": "cnl4I6P+VeujfSSD3ZrC5f0TrTGt9EKgCOoZ3LpgLI2xobBKLi5bxOaN2oY6B0xVXxQEhEaWBotg7AuECg00Iw=="
      },
      "MicroCom.Runtime": {
        "type": "Transitive",
        "resolved": "0.11.0",
        "contentHash": "MEnrZ3UIiH40hjzMDsxrTyi8dtqB5ziv3iBeeU4bXsL/7NLSal9F1lZKpK+tfBRnUoDSdtcW3KufE4yhATOMCA=="
      },
      "Microsoft.CodeAnalysis.CSharp.Scripting": {
        "type": "Transitive",
        "resolved": "3.8.0",
        "contentHash": "+XVKzByNigzzvl7rGwpzFrkUbbekNUwdMW3EghcxmNRZd9aamNXxes3I/U0tYx1LTeHEQ5y/nzb7SiEmXBmzEA==",
        "dependencies": {
          "Microsoft.CSharp": "4.3.0",
          "Microsoft.CodeAnalysis.CSharp": "[3.8.0]",
          "Microsoft.CodeAnalysis.Common": "[3.8.0]",
          "Microsoft.CodeAnalysis.Scripting.Common": "[3.8.0]"
        }
      },
      "Microsoft.CodeAnalysis.Scripting.Common": {
        "type": "Transitive",
        "resolved": "3.8.0",
        "contentHash": "lR8Mxg/4tnwzFyqJOD7wBoXbyDKEaMxRc0E9UWtHNGBiL1qBdYyVhXPmiOPUL44tUJeQwCOHAr554jRHGBQIcw==",
        "dependencies": {
          "Microsoft.CodeAnalysis.Common": "[3.8.0]"
        }
      },
      "Microsoft.CSharp": {
        "type": "Transitive",
        "resolved": "4.3.0",
        "contentHash": "P+MBhIM0YX+JqROuf7i306ZLJEjQYA9uUyRDE+OqwUI5sh41e2ZbPQV3LfAPh+29cmceE1pUffXsGfR4eMY3KA==",
        "dependencies": {
          "System.Collections": "4.3.0",
          "System.Diagnostics.Debug": "4.3.0",
          "System.Dynamic.Runtime": "4.3.0",
          "System.Globalization": "4.3.0",
          "System.Linq": "4.3.0",
          "System.Linq.Expressions": "4.3.0",
          "System.ObjectModel": "4.3.0",
          "System.Reflection": "4.3.0",
          "System.Reflection.Extensions": "4.3.0",
          "System.Reflection.Primitives": "4.3.0",
          "System.Reflection.TypeExtensions": "4.3.0",
          "System.Resources.ResourceManager": "4.3.0",
          "System.Runtime": "4.3.0",
          "System.Runtime.Extensions": "4.3.0",
          "System.Runtime.InteropServices": "4.3.0",
          "System.Threading": "4.3.0"
        }
      },
      "Microsoft.Data.Sqlite.Core": {
        "type": "Transitive",
        "resolved": "7.0.13",
        "contentHash": "acRUY0iRrdIrhUXxu9GnonxV9P3VIeMnpnmHoY9vE9D5CAJeThro7vr63urSD0Qmav2gS2sxNAQ/NkP09OZJBQ==",
        "dependencies": {
          "SQLitePCLRaw.core": "2.1.4"
        }
      },
      "Microsoft.Extensions.Configuration.Abstractions": {
        "type": "Transitive",
        "resolved": "7.0.0",
        "contentHash": "f34u2eaqIjNO9YLHBz8rozVZ+TcFiFs0F3r7nUJd7FRkVSxk8u4OpoK226mi49MwexHOR2ibP9MFvRUaLilcQQ==",
        "dependencies": {
          "Microsoft.Extensions.Primitives": "7.0.0"
        }
      },
      "Microsoft.Extensions.DependencyInjection": {
        "type": "Transitive",
        "resolved": "7.0.0",
        "contentHash": "elNeOmkeX3eDVG6pYVeV82p29hr+UKDaBhrZyWvWLw/EVZSYEkZlQdkp0V39k/Xehs2Qa0mvoCvkVj3eQxNQ1Q==",
        "dependencies": {
          "Microsoft.Extensions.DependencyInjection.Abstractions": "7.0.0"
        }
      },
      "Microsoft.Extensions.DependencyInjection.Abstractions": {
        "type": "Transitive",
        "resolved": "7.0.0",
        "contentHash": "h3j/QfmFN4S0w4C2A6X7arXij/M/OVw3uQHSOFxnND4DyAzO1F9eMX7Eti7lU/OkSthEE0WzRsfT/Dmx86jzCw=="
      },
      "Microsoft.Extensions.FileProviders.Abstractions": {
        "type": "Transitive",
        "resolved": "7.0.0",
        "contentHash": "NyawiW9ZT/liQb34k9YqBSNPLuuPkrjMgQZ24Y/xXX1RoiBkLUdPMaQTmxhZ5TYu8ZKZ9qayzil75JX95vGQUg==",
        "dependencies": {
          "Microsoft.Extensions.Primitives": "7.0.0"
        }
      },
      "Microsoft.Extensions.Logging": {
        "type": "Transitive",
        "resolved": "7.0.0",
        "contentHash": "Nw2muoNrOG5U5qa2ZekXwudUn2BJcD41e65zwmDHb1fQegTX66UokLWZkJRpqSSHXDOWZ5V0iqhbxOEky91atA==",
        "dependencies": {
          "Microsoft.Extensions.DependencyInjection": "7.0.0",
          "Microsoft.Extensions.DependencyInjection.Abstractions": "7.0.0",
          "Microsoft.Extensions.Logging.Abstractions": "7.0.0",
          "Microsoft.Extensions.Options": "7.0.0"
        }
      },
      "Microsoft.Extensions.Logging.Abstractions": {
        "type": "Transitive",
        "resolved": "7.0.0",
        "contentHash": "kmn78+LPVMOWeITUjIlfxUPDsI0R6G0RkeAMBmQxAJ7vBJn4q2dTva7pWi65ceN5vPGjJ9q/Uae2WKgvfktJAw=="
      },
      "Microsoft.Extensions.Options": {
        "type": "Transitive",
        "resolved": "7.0.0",
        "contentHash": "lP1yBnTTU42cKpMozuafbvNtQ7QcBjr/CcK3bYOGEMH55Fjt+iecXjT6chR7vbgCMqy3PG3aNQSZgo/EuY/9qQ==",
        "dependencies": {
          "Microsoft.Extensions.DependencyInjection.Abstractions": "7.0.0",
          "Microsoft.Extensions.Primitives": "7.0.0"
        }
      },
      "Microsoft.Extensions.Primitives": {
        "type": "Transitive",
        "resolved": "7.0.0",
        "contentHash": "um1KU5kxcRp3CNuI8o/GrZtD4AIOXDk+RLsytjZ9QPok3ttLUelLKpilVPuaFT3TFjOhSibUAso0odbOaCDj3Q=="
      },
      "Microsoft.Net.Http.Headers": {
        "type": "Transitive",
        "resolved": "2.2.0",
        "contentHash": "iZNkjYqlo8sIOI0bQfpsSoMTmB/kyvmV2h225ihyZT33aTp48ZpF6qYnXxzSXmHt8DpBAwBTX+1s1UFLbYfZKg==",
        "dependencies": {
          "Microsoft.Extensions.Primitives": "2.2.0",
          "System.Buffers": "4.5.0"
        }
      },
      "Microsoft.NETCore.Platforms": {
        "type": "Transitive",
        "resolved": "2.1.2",
        "contentHash": "mOJy3M0UN+LUG21dLGMxaWZEP6xYpQEpLuvuEQBaownaX4YuhH6NmNUlN9si+vNkAS6dwJ//N1O4DmLf2CikVg=="
      },
      "Microsoft.NETCore.Targets": {
        "type": "Transitive",
        "resolved": "1.1.3",
        "contentHash": "3Wrmi0kJDzClwAC+iBdUBpEKmEle8FQNsCs77fkiOIw/9oYA07bL1EZNX0kQ2OMN3xpwvl0vAtOCYY3ndDNlhQ=="
      },
      "NBitcoin.Secp256k1": {
        "type": "Transitive",
        "resolved": "3.1.0",
        "contentHash": "DVJbhT1plnBqPNnl5MNW1Aw5DCdfQ7MwlcL6PKcBIWPlQUO4T1FZRC4g2Axp9fd40eDKkyhq9MHlN9EeO09sGw=="
      },
      "Newtonsoft.Json": {
        "type": "Transitive",
        "resolved": "13.0.1",
        "contentHash": "ppPFpBcvxdsfUonNcvITKqLl3bqxWbDCZIzDWHzjpdAHRFfZe0Dw9HmA0+za13IdyrgJwpkDTDA9fHaxOrt20A=="
      },
      "ReactiveUI": {
        "type": "Transitive",
        "resolved": "18.3.1",
        "contentHash": "0tclGtjrRPfA2gbjiM7O3DeNmo6/TpDn7CMN6jgzDrbgrnysM7oEzjGEeXbtXaOxH6kEf6RiMKWobZoSgbBXhQ==",
        "dependencies": {
          "DynamicData": "7.9.5",
          "Splat": "14.4.1"
        }
      },
      "SkiaSharp": {
        "type": "Transitive",
        "resolved": "2.88.6",
        "contentHash": "wdfeBAQrEQCbJIRgAiargzP1Uy+0grZiG4CSgBnhAgcJTsPzlifIaO73JRdwIlT3TyBoeU9jEqzwFUhl4hTYnQ==",
        "dependencies": {
          "SkiaSharp.NativeAssets.Win32": "2.88.6",
          "SkiaSharp.NativeAssets.macOS": "2.88.6"
        }
      },
      "SkiaSharp.NativeAssets.Linux": {
        "type": "Transitive",
        "resolved": "2.88.6",
        "contentHash": "iQcOUE0tPZvBUxOdZaP3LIdAC21H8BEMhDvpCQ/mUUvbKGLd5rF7veJVSZBNu20SuCC0oZpEdGxB+mLVOK8uzw==",
        "dependencies": {
          "SkiaSharp": "2.88.6"
        }
      },
      "SkiaSharp.NativeAssets.macOS": {
        "type": "Transitive",
        "resolved": "2.88.6",
        "contentHash": "Sko9LFxRXSjb3OGh5/RxrVRXxYo48tr5NKuuSy6jB85GrYt8WRqVY1iLOLwtjPiVAt4cp+pyD4i30azanS64dw=="
      },
      "SkiaSharp.NativeAssets.WebAssembly": {
        "type": "Transitive",
        "resolved": "2.88.6",
        "contentHash": "pye92IhbHq3uqxrU/I+LdkIRAyWfiUNeJ5IIAmYWt2DQPOU44Uh1nTIcjQ2ghRIFWq62VVUJJy5saLBcQO5zyw=="
      },
      "SkiaSharp.NativeAssets.Win32": {
        "type": "Transitive",
        "resolved": "2.88.6",
        "contentHash": "7TzFO0u/g2MpQsTty4fyCDdMcfcWI+aLswwfnYXr3gtNS6VLKdMXPMeKpJa3pJSLnUBN6wD0JjuCe8OoLBQ6cQ=="
      },
      "Splat": {
        "type": "Transitive",
        "resolved": "14.4.1",
        "contentHash": "Z1Mncnzm9pNIaIbZ/EWH6x5ESnKsmAvu8HP4StBRw+yhz0lzE7LCbt22TNTPaFrYLYbYCbGQIc/61yuSnpLidg=="
      },
      "SQLitePCLRaw.core": {
        "type": "Transitive",
        "resolved": "2.1.6",
        "contentHash": "wO6v9GeMx9CUngAet8hbO7xdm+M42p1XeJq47ogyRoYSvNSp0NGLI+MgC0bhrMk9C17MTVFlLiN6ylyExLCc5w==",
        "dependencies": {
          "System.Memory": "4.5.3"
        }
      },
      "SQLitePCLRaw.lib.e_sqlite3": {
        "type": "Transitive",
        "resolved": "2.1.6",
        "contentHash": "2ObJJLkIUIxRpOUlZNGuD4rICpBnrBR5anjyfUFQep4hMOIeqW+XGQYzrNmHSVz5xSWZ3klSbh7sFR6UyDj68Q=="
      },
      "SQLitePCLRaw.provider.e_sqlite3": {
        "type": "Transitive",
        "resolved": "2.1.6",
        "contentHash": "PQ2Oq3yepLY4P7ll145P3xtx2bX8xF4PzaKPRpw9jZlKvfe4LE/saAV82inND9usn1XRpmxXk7Lal3MTI+6CNg==",
        "dependencies": {
          "SQLitePCLRaw.core": "2.1.6"
        }
      },
      "System.Buffers": {
        "type": "Transitive",
        "resolved": "4.5.0",
        "contentHash": "pL2ChpaRRWI/p4LXyy4RgeWlYF2sgfj/pnVMvBqwNFr5cXg7CXNnWZWxrOONLg8VGdFB8oB+EG2Qw4MLgTOe+A=="
      },
      "System.Collections": {
        "type": "Transitive",
        "resolved": "4.3.0",
        "contentHash": "3Dcj85/TBdVpL5Zr+gEEBUuFe2icOnLalmEh9hfck1PTYbbyWuZgh4fmm2ysCLTrqLQw6t3TgTyJ+VLp+Qb+Lw==",
        "dependencies": {
          "Microsoft.NETCore.Platforms": "1.1.0",
          "Microsoft.NETCore.Targets": "1.1.0",
          "System.Runtime": "4.3.0"
        }
      },
      "System.Collections.Immutable": {
        "type": "Transitive",
        "resolved": "5.0.0",
        "contentHash": "FXkLXiK0sVVewcso0imKQoOxjoPAj42R8HtjjbSjVPAzwDfzoyoznWxgA3c38LDbN9SJux1xXoXYAhz98j7r2g=="
      },
      "System.ComponentModel.Annotations": {
        "type": "Transitive",
        "resolved": "4.5.0",
        "contentHash": "UxYQ3FGUOtzJ7LfSdnYSFd7+oEv6M8NgUatatIN2HxNtDdlcvFAf+VIq4Of9cDMJEJC0aSRv/x898RYhB4Yppg=="
      },
      "System.Diagnostics.Debug": {
        "type": "Transitive",
        "resolved": "4.3.0",
        "contentHash": "ZUhUOdqmaG5Jk3Xdb8xi5kIyQYAA4PnTNlHx1mu9ZY3qv4ELIdKbnL/akbGaKi2RnNUWaZsAs31rvzFdewTj2g==",
        "dependencies": {
          "Microsoft.NETCore.Platforms": "1.1.0",
          "Microsoft.NETCore.Targets": "1.1.0",
          "System.Runtime": "4.3.0"
        }
      },
      "System.Dynamic.Runtime": {
        "type": "Transitive",
        "resolved": "4.3.0",
        "contentHash": "SNVi1E/vfWUAs/WYKhE9+qlS6KqK0YVhnlT0HQtr8pMIA8YX3lwy3uPMownDwdYISBdmAF/2holEIldVp85Wag==",
        "dependencies": {
          "System.Collections": "4.3.0",
          "System.Diagnostics.Debug": "4.3.0",
          "System.Linq": "4.3.0",
          "System.Linq.Expressions": "4.3.0",
          "System.ObjectModel": "4.3.0",
          "System.Reflection": "4.3.0",
          "System.Reflection.Emit": "4.3.0",
          "System.Reflection.Emit.ILGeneration": "4.3.0",
          "System.Reflection.Primitives": "4.3.0",
          "System.Reflection.TypeExtensions": "4.3.0",
          "System.Resources.ResourceManager": "4.3.0",
          "System.Runtime": "4.3.0",
          "System.Runtime.Extensions": "4.3.0",
          "System.Threading": "4.3.0"
        }
      },
      "System.Globalization": {
        "type": "Transitive",
        "resolved": "4.3.0",
        "contentHash": "kYdVd2f2PAdFGblzFswE4hkNANJBKRmsfa2X5LG2AcWE1c7/4t0pYae1L8vfZ5xvE2nK/R9JprtToA61OSHWIg==",
        "dependencies": {
          "Microsoft.NETCore.Platforms": "1.1.0",
          "Microsoft.NETCore.Targets": "1.1.0",
          "System.Runtime": "4.3.0"
        }
      },
      "System.IO": {
        "type": "Transitive",
        "resolved": "4.3.0",
        "contentHash": "3qjaHvxQPDpSOYICjUoTsmoq5u6QJAFRUITgeT/4gqkF1bajbSmb1kwSxEA8AHlofqgcKJcM8udgieRNhaJ5Cg==",
        "dependencies": {
          "Microsoft.NETCore.Platforms": "1.1.0",
          "Microsoft.NETCore.Targets": "1.1.0",
          "System.Runtime": "4.3.0",
          "System.Text.Encoding": "4.3.0",
          "System.Threading.Tasks": "4.3.0"
        }
      },
      "System.Linq": {
        "type": "Transitive",
        "resolved": "4.3.0",
        "contentHash": "5DbqIUpsDp0dFftytzuMmc0oeMdQwjcP/EWxsksIz/w1TcFRkZ3yKKz0PqiYFMmEwPSWw+qNVqD7PJ889JzHbw==",
        "dependencies": {
          "System.Collections": "4.3.0",
          "System.Diagnostics.Debug": "4.3.0",
          "System.Resources.ResourceManager": "4.3.0",
          "System.Runtime": "4.3.0",
          "System.Runtime.Extensions": "4.3.0"
        }
      },
      "System.Linq.Expressions": {
        "type": "Transitive",
        "resolved": "4.3.0",
        "contentHash": "PGKkrd2khG4CnlyJwxwwaWWiSiWFNBGlgXvJpeO0xCXrZ89ODrQ6tjEWS/kOqZ8GwEOUATtKtzp1eRgmYNfclg==",
        "dependencies": {
          "System.Collections": "4.3.0",
          "System.Diagnostics.Debug": "4.3.0",
          "System.Globalization": "4.3.0",
          "System.IO": "4.3.0",
          "System.Linq": "4.3.0",
          "System.ObjectModel": "4.3.0",
          "System.Reflection": "4.3.0",
          "System.Reflection.Emit": "4.3.0",
          "System.Reflection.Emit.ILGeneration": "4.3.0",
          "System.Reflection.Emit.Lightweight": "4.3.0",
          "System.Reflection.Extensions": "4.3.0",
          "System.Reflection.Primitives": "4.3.0",
          "System.Reflection.TypeExtensions": "4.3.0",
          "System.Resources.ResourceManager": "4.3.0",
          "System.Runtime": "4.3.0",
          "System.Runtime.Extensions": "4.3.0",
          "System.Threading": "4.3.0"
        }
      },
      "System.Memory": {
        "type": "Transitive",
        "resolved": "4.5.4",
        "contentHash": "1MbJTHS1lZ4bS4FmsJjnuGJOu88ZzTT2rLvrhW7Ygic+pC0NWA+3hgAen0HRdsocuQXCkUTdFn9yHJJhsijDXw=="
      },
      "System.ObjectModel": {
        "type": "Transitive",
        "resolved": "4.3.0",
        "contentHash": "bdX+80eKv9bN6K4N+d77OankKHGn6CH711a6fcOpMQu2Fckp/Ft4L/kW9WznHpyR0NRAvJutzOMHNNlBGvxQzQ==",
        "dependencies": {
          "System.Collections": "4.3.0",
          "System.Diagnostics.Debug": "4.3.0",
          "System.Resources.ResourceManager": "4.3.0",
          "System.Runtime": "4.3.0",
          "System.Threading": "4.3.0"
        }
      },
      "System.Reactive": {
        "type": "Transitive",
        "resolved": "6.0.0",
        "contentHash": "31kfaW4ZupZzPsI5PVe77VhnvFF55qgma7KZr/E0iFTs6fmdhhG8j0mgEx620iLTey1EynOkEfnyTjtNEpJzGw=="
      },
      "System.Reflection": {
        "type": "Transitive",
        "resolved": "4.3.0",
        "contentHash": "KMiAFoW7MfJGa9nDFNcfu+FpEdiHpWgTcS2HdMpDvt9saK3y/G4GwprPyzqjFH9NTaGPQeWNHU+iDlDILj96aQ==",
        "dependencies": {
          "Microsoft.NETCore.Platforms": "1.1.0",
          "Microsoft.NETCore.Targets": "1.1.0",
          "System.IO": "4.3.0",
          "System.Reflection.Primitives": "4.3.0",
          "System.Runtime": "4.3.0"
        }
      },
      "System.Reflection.Emit": {
        "type": "Transitive",
        "resolved": "4.3.0",
        "contentHash": "228FG0jLcIwTVJyz8CLFKueVqQK36ANazUManGaJHkO0icjiIypKW7YLWLIWahyIkdh5M7mV2dJepllLyA1SKg==",
        "dependencies": {
          "System.IO": "4.3.0",
          "System.Reflection": "4.3.0",
          "System.Reflection.Emit.ILGeneration": "4.3.0",
          "System.Reflection.Primitives": "4.3.0",
          "System.Runtime": "4.3.0"
        }
      },
      "System.Reflection.Emit.ILGeneration": {
        "type": "Transitive",
        "resolved": "4.3.0",
        "contentHash": "59tBslAk9733NXLrUJrwNZEzbMAcu8k344OYo+wfSVygcgZ9lgBdGIzH/nrg3LYhXceynyvTc8t5/GD4Ri0/ng==",
        "dependencies": {
          "System.Reflection": "4.3.0",
          "System.Reflection.Primitives": "4.3.0",
          "System.Runtime": "4.3.0"
        }
      },
      "System.Reflection.Emit.Lightweight": {
        "type": "Transitive",
        "resolved": "4.3.0",
        "contentHash": "oadVHGSMsTmZsAF864QYN1t1QzZjIcuKU3l2S9cZOwDdDueNTrqq1yRj7koFfIGEnKpt6NjpL3rOzRhs4ryOgA==",
        "dependencies": {
          "System.Reflection": "4.3.0",
          "System.Reflection.Emit.ILGeneration": "4.3.0",
          "System.Reflection.Primitives": "4.3.0",
          "System.Runtime": "4.3.0"
        }
      },
      "System.Reflection.Extensions": {
        "type": "Transitive",
        "resolved": "4.3.0",
        "contentHash": "rJkrJD3kBI5B712aRu4DpSIiHRtr6QlfZSQsb0hYHrDCZORXCFjQfoipo2LaMUHoT9i1B7j7MnfaEKWDFmFQNQ==",
        "dependencies": {
          "Microsoft.NETCore.Platforms": "1.1.0",
          "Microsoft.NETCore.Targets": "1.1.0",
          "System.Reflection": "4.3.0",
          "System.Runtime": "4.3.0"
        }
      },
      "System.Reflection.Metadata": {
        "type": "Transitive",
        "resolved": "5.0.0",
        "contentHash": "5NecZgXktdGg34rh1OenY1rFNDCI8xSjFr+Z4OU4cU06AQHUdRnIIEeWENu3Wl4YowbzkymAIMvi3WyK9U53pQ=="
      },
      "System.Reflection.Primitives": {
        "type": "Transitive",
        "resolved": "4.3.0",
        "contentHash": "5RXItQz5As4xN2/YUDxdpsEkMhvw3e6aNveFXUn4Hl/udNTCNhnKp8lT9fnc3MhvGKh1baak5CovpuQUXHAlIA==",
        "dependencies": {
          "Microsoft.NETCore.Platforms": "1.1.0",
          "Microsoft.NETCore.Targets": "1.1.0",
          "System.Runtime": "4.3.0"
        }
      },
      "System.Reflection.TypeExtensions": {
        "type": "Transitive",
        "resolved": "4.3.0",
        "contentHash": "7u6ulLcZbyxB5Gq0nMkQttcdBTx57ibzw+4IOXEfR+sXYQoHvjW5LTLyNr8O22UIMrqYbchJQJnos4eooYzYJA==",
        "dependencies": {
          "System.Reflection": "4.3.0",
          "System.Runtime": "4.3.0"
        }
      },
      "System.Resources.ResourceManager": {
        "type": "Transitive",
        "resolved": "4.3.0",
        "contentHash": "/zrcPkkWdZmI4F92gL/TPumP98AVDu/Wxr3CSJGQQ+XN6wbRZcyfSKVoPo17ilb3iOr0cCRqJInGwNMolqhS8A==",
        "dependencies": {
          "Microsoft.NETCore.Platforms": "1.1.0",
          "Microsoft.NETCore.Targets": "1.1.0",
          "System.Globalization": "4.3.0",
          "System.Reflection": "4.3.0",
          "System.Runtime": "4.3.0"
        }
      },
      "System.Runtime.CompilerServices.Unsafe": {
        "type": "Transitive",
        "resolved": "4.7.1",
        "contentHash": "zOHkQmzPCn5zm/BH+cxC1XbUS3P4Yoi3xzW7eRgVpDR2tPGSzyMZ17Ig1iRkfJuY0nhxkQQde8pgePNiA7z7TQ=="
      },
      "System.Runtime.Extensions": {
        "type": "Transitive",
        "resolved": "4.3.0",
        "contentHash": "guW0uK0fn5fcJJ1tJVXYd7/1h5F+pea1r7FLSOz/f8vPEqbR2ZAknuRDvTQ8PzAilDveOxNjSfr0CHfIQfFk8g==",
        "dependencies": {
          "Microsoft.NETCore.Platforms": "1.1.0",
          "Microsoft.NETCore.Targets": "1.1.0",
          "System.Runtime": "4.3.0"
        }
      },
      "System.Runtime.Handles": {
        "type": "Transitive",
        "resolved": "4.3.0",
        "contentHash": "OKiSUN7DmTWeYb3l51A7EYaeNMnvxwE249YtZz7yooT4gOZhmTjIn48KgSsw2k2lYdLgTKNJw/ZIfSElwDRVgg==",
        "dependencies": {
          "Microsoft.NETCore.Platforms": "1.1.0",
          "Microsoft.NETCore.Targets": "1.1.0",
          "System.Runtime": "4.3.0"
        }
      },
      "System.Runtime.InteropServices": {
        "type": "Transitive",
        "resolved": "4.3.0",
        "contentHash": "uv1ynXqiMK8mp1GM3jDqPCFN66eJ5w5XNomaK2XD+TuCroNTLFGeZ+WCmBMcBDyTFKou3P6cR6J/QsaqDp7fGQ==",
        "dependencies": {
          "Microsoft.NETCore.Platforms": "1.1.0",
          "Microsoft.NETCore.Targets": "1.1.0",
          "System.Reflection": "4.3.0",
          "System.Reflection.Primitives": "4.3.0",
          "System.Runtime": "4.3.0",
          "System.Runtime.Handles": "4.3.0"
        }
      },
      "System.Text.Encoding": {
        "type": "Transitive",
        "resolved": "4.3.0",
        "contentHash": "BiIg+KWaSDOITze6jGQynxg64naAPtqGHBwDrLaCtixsa5bKiR8dpPOHA7ge3C0JJQizJE+sfkz1wV+BAKAYZw==",
        "dependencies": {
          "Microsoft.NETCore.Platforms": "1.1.0",
          "Microsoft.NETCore.Targets": "1.1.0",
          "System.Runtime": "4.3.0"
        }
      },
      "System.Text.Encoding.CodePages": {
        "type": "Transitive",
        "resolved": "4.5.1",
        "contentHash": "4J2JQXbftjPMppIHJ7IC+VXQ9XfEagN92vZZNoG12i+zReYlim5dMoXFC1Zzg7tsnKDM7JPo5bYfFK4Jheq44w==",
        "dependencies": {
          "Microsoft.NETCore.Platforms": "2.1.2",
          "System.Runtime.CompilerServices.Unsafe": "4.5.2"
        }
      },
      "System.Text.Encodings.Web": {
        "type": "Transitive",
        "resolved": "4.5.0",
        "contentHash": "Xg4G4Indi4dqP1iuAiMSwpiWS54ZghzR644OtsRCm/m/lBMG8dUBhLVN7hLm8NNrNTR+iGbshCPTwrvxZPlm4g=="
      },
      "System.Threading": {
        "type": "Transitive",
        "resolved": "4.3.0",
        "contentHash": "VkUS0kOBcUf3Wwm0TSbrevDDZ6BlM+b/HRiapRFWjM5O0NS0LviG0glKmFK+hhPDd1XFeSdU1GmlLhb2CoVpIw==",
        "dependencies": {
          "System.Runtime": "4.3.0",
          "System.Threading.Tasks": "4.3.0"
        }
      },
      "System.Threading.Tasks": {
        "type": "Transitive",
        "resolved": "4.3.0",
        "contentHash": "LbSxKEdOUhVe8BezB/9uOGGppt+nZf6e1VFyw6v3DN6lqitm0OSn2uXMOdtP0M3W4iMcqcivm2J6UgqiwwnXiA==",
        "dependencies": {
          "Microsoft.NETCore.Platforms": "1.1.0",
          "Microsoft.NETCore.Targets": "1.1.0",
          "System.Runtime": "4.3.0"
        }
      },
      "System.Threading.Tasks.Extensions": {
        "type": "Transitive",
        "resolved": "4.5.4",
        "contentHash": "zteT+G8xuGu6mS+mzDzYXbzS7rd3K6Fjb9RiZlYlJPam2/hU7JCBZBVEcywNuR+oZ1ncTvc/cq0faRr3P01OVg=="
      },
      "walletwasabi": {
        "type": "Project",
        "dependencies": {
          "Microsoft.AspNetCore.WebUtilities": "[2.2.0, )",
          "Microsoft.Data.Sqlite": "[7.0.13, )",
          "Microsoft.Extensions.Caching.Abstractions": "[7.0.0, )",
          "Microsoft.Extensions.Hosting.Abstractions": "[7.0.0, )",
          "Microsoft.Extensions.Http": "[7.0.0, )",
          "Microsoft.Win32.SystemEvents": "[7.0.0, )",
          "NBitcoin": "[7.0.27, )",
          "SQLitePCLRaw.bundle_e_sqlite3": "[2.1.6, )",
          "System.IO.Pipelines": "[7.0.0, )",
          "WabiSabi": "[1.0.1.2, )"
        }
      },
      "Wasabi Wallet Daemon": {
        "type": "Project",
        "dependencies": {
          "Microsoft.Extensions.Caching.Memory": "[7.0.0, )",
          "WalletWasabi": "[1.0.0, )"
        }
      },
      "Microsoft.AspNetCore.WebUtilities": {
        "type": "CentralTransitive",
        "requested": "[2.2.0, )",
        "resolved": "2.2.0",
        "contentHash": "9ErxAAKaDzxXASB/b5uLEkLgUWv1QbeVxyJYEHQwMaxXOeFFVkQxiq8RyfVcifLU7NR0QY0p3acqx4ZpYfhHDg==",
        "dependencies": {
          "Microsoft.Net.Http.Headers": "2.2.0",
          "System.Text.Encodings.Web": "4.5.0"
        }
      },
      "Microsoft.CodeAnalysis.Analyzers": {
        "type": "CentralTransitive",
        "requested": "[3.3.4, )",
        "resolved": "3.0.0",
        "contentHash": "ojG5pGAhTPmjxRGTNvuszO3H8XPZqksDwr9xLd4Ae/JBjZZdl6GuoLk7uLMf+o7yl5wO0TAqoWcEKkEWqrZE5g=="
      },
      "Microsoft.CodeAnalysis.Common": {
        "type": "CentralTransitive",
        "requested": "[4.6.0, )",
        "resolved": "3.8.0",
        "contentHash": "8YTZ7GpsbTdC08DITx7/kwV0k4SC6cbBAFqc13cOm5vKJZcEIAh51tNSyGSkWisMgYCr96B2wb5Zri1bsla3+g==",
        "dependencies": {
          "Microsoft.CodeAnalysis.Analyzers": "3.0.0",
          "System.Collections.Immutable": "5.0.0",
          "System.Memory": "4.5.4",
          "System.Reflection.Metadata": "5.0.0",
          "System.Runtime.CompilerServices.Unsafe": "4.7.1",
          "System.Text.Encoding.CodePages": "4.5.1",
          "System.Threading.Tasks.Extensions": "4.5.4"
        }
      },
      "Microsoft.CodeAnalysis.CSharp": {
        "type": "CentralTransitive",
        "requested": "[4.6.0, )",
        "resolved": "3.8.0",
        "contentHash": "hKqFCUSk9TIMBDjiYMF8/ZfK9p9mzpU+slM73CaCHu4ctfkoqJGHLQhyT8wvrYsIg+ufrUWBF8hcJYmyr5rc5Q==",
        "dependencies": {
          "Microsoft.CodeAnalysis.Common": "[3.8.0]"
        }
      },
      "Microsoft.Data.Sqlite": {
        "type": "CentralTransitive",
        "requested": "[7.0.13, )",
        "resolved": "7.0.13",
        "contentHash": "zBd0ZxGNsgQ03hDT+4LwCopVwSO1yLvUEI5oSkkLK5B3JeWSpiaEALQojNycA2K4zuYBJNL3uPy2J262DoKdRA==",
        "dependencies": {
          "Microsoft.Data.Sqlite.Core": "7.0.13",
          "SQLitePCLRaw.bundle_e_sqlite3": "2.1.4"
        }
      },
      "Microsoft.Extensions.Caching.Abstractions": {
        "type": "CentralTransitive",
        "requested": "[7.0.0, )",
        "resolved": "7.0.0",
        "contentHash": "IeimUd0TNbhB4ded3AbgBLQv2SnsiVugDyGV1MvspQFVlA07nDC7Zul7kcwH5jWN3JiTcp/ySE83AIJo8yfKjg==",
        "dependencies": {
          "Microsoft.Extensions.Primitives": "7.0.0"
        }
      },
      "Microsoft.Extensions.Caching.Memory": {
        "type": "CentralTransitive",
        "requested": "[7.0.0, )",
        "resolved": "7.0.0",
        "contentHash": "xpidBs2KCE2gw1JrD0quHE72kvCaI3xFql5/Peb2GRtUuZX+dYPoK/NTdVMiM67Svym0M0Df9A3xyU0FbMQhHw==",
        "dependencies": {
          "Microsoft.Extensions.Caching.Abstractions": "7.0.0",
          "Microsoft.Extensions.DependencyInjection.Abstractions": "7.0.0",
          "Microsoft.Extensions.Logging.Abstractions": "7.0.0",
          "Microsoft.Extensions.Options": "7.0.0",
          "Microsoft.Extensions.Primitives": "7.0.0"
        }
      },
      "Microsoft.Extensions.Hosting.Abstractions": {
        "type": "CentralTransitive",
        "requested": "[7.0.0, )",
        "resolved": "7.0.0",
        "contentHash": "43n9Je09z0p/7ViPxfRqs5BUItRLNVh5b6JH40F2Agkh2NBsY/jpNYTtbCcxrHCsA3oRmbR6RJBzUutB4VZvNQ==",
        "dependencies": {
          "Microsoft.Extensions.Configuration.Abstractions": "7.0.0",
          "Microsoft.Extensions.DependencyInjection.Abstractions": "7.0.0",
          "Microsoft.Extensions.FileProviders.Abstractions": "7.0.0"
        }
      },
      "Microsoft.Extensions.Http": {
        "type": "CentralTransitive",
        "requested": "[7.0.0, )",
        "resolved": "7.0.0",
        "contentHash": "9Pq9f/CvOSz0t9yQa6g1uWpxa2sm13daLFm8EZwy9MaQUjKXWdNUXQwIxwhmba5N83UIqURiPHSNqGK1vfWF2w==",
        "dependencies": {
          "Microsoft.Extensions.DependencyInjection.Abstractions": "7.0.0",
          "Microsoft.Extensions.Logging": "7.0.0",
          "Microsoft.Extensions.Logging.Abstractions": "7.0.0",
          "Microsoft.Extensions.Options": "7.0.0"
        }
      },
      "Microsoft.Win32.SystemEvents": {
        "type": "CentralTransitive",
        "requested": "[7.0.0, )",
        "resolved": "7.0.0",
        "contentHash": "2nXPrhdAyAzir0gLl8Yy8S5Mnm/uBSQQA7jEsILOS1MTyS7DbmV1NgViMtvV1sfCD1ebITpNwb1NIinKeJgUVQ=="
      },
      "NBitcoin": {
        "type": "CentralTransitive",
        "requested": "[7.0.27, )",
        "resolved": "7.0.27",
        "contentHash": "n2eHYJf0YVOf3ld0fhQJ8qR8TDvGZObGseOf5gHx03QpG+lq5L5qJAn5SA+MvZQLKcqhEUJ+S2AKvWkgZYS4Gw==",
        "dependencies": {
          "Microsoft.Extensions.Logging.Abstractions": "1.0.0",
          "Newtonsoft.Json": "13.0.1"
        }
      },
      "SQLitePCLRaw.bundle_e_sqlite3": {
        "type": "CentralTransitive",
        "requested": "[2.1.6, )",
        "resolved": "2.1.6",
        "contentHash": "BmAf6XWt4TqtowmiWe4/5rRot6GerAeklmOPfviOvwLoF5WwgxcJHAxZtySuyW9r9w+HLILnm8VfJFLCUJYW8A==",
        "dependencies": {
          "SQLitePCLRaw.lib.e_sqlite3": "2.1.6",
          "SQLitePCLRaw.provider.e_sqlite3": "2.1.6"
        }
      },
      "System.IO.Pipelines": {
        "type": "CentralTransitive",
        "requested": "[7.0.0, )",
        "resolved": "7.0.0",
        "contentHash": "jRn6JYnNPW6xgQazROBLSfpdoczRw694vO5kKvMcNnpXuolEixUyw6IBuBs2Y2mlSX/LdLvyyWmfXhaI3ND1Yg=="
      },
      "WabiSabi": {
        "type": "CentralTransitive",
        "requested": "[1.0.1.2, )",
        "resolved": "1.0.1.2",
        "contentHash": "e+pMZGVEfWQvkpZHAydGv6grY71urfO47lodjXC9eWtfSFvNtPWjrgqck9O24yIbXhP4K3QrJKzJQFGpAp8rqg==",
        "dependencies": {
          "NBitcoin.Secp256k1": "3.1.0"
        }
      }
    }
  }
}