{
  "version": 2,
  "dependencies": {
    "net8.0": {
      "Avalonia": {
        "type": "Direct",
        "requested": "[11.1.0-rc1, )",
        "resolved": "11.1.0-rc1",
        "contentHash": "h35lyIzStIcDD/7JdSERliGa2LFo7AnT+Q7v6TbEaa6rMs2PfiQsuzCq+dkCvjdxsIw10ARtGZE1Hk1p9ZICQA==",
        "dependencies": {
          "Avalonia.BuildServices": "0.0.29",
          "Avalonia.Remote.Protocol": "11.1.0-rc1",
          "MicroCom.Runtime": "0.11.0"
        }
      },
      "Avalonia.Controls.TreeDataGrid": {
        "type": "Direct",
        "requested": "[11.0.10, )",
        "resolved": "11.0.10",
        "contentHash": "BP/940no+CxOtg6+iz1Cf9AB7/POS9+J8rxk1M0m5SUC9fwP2KNJ6E6smDnoKyQ3edHLtEJvN2PXufraRyQUCA==",
        "dependencies": {
          "Avalonia": "11.0.0",
          "System.Reactive": "5.0.0"
        }
      },
      "Avalonia.Diagnostics": {
        "type": "Direct",
        "requested": "[11.1.0-rc1, )",
        "resolved": "11.1.0-rc1",
        "contentHash": "MEwJRPjz4foGAIcGuWbz+a2jyeGJLwRS5QinQYr49gDvgVK8jGHrCW/u7pgFJK5bSmXh/4D8250bwJ+7mJAA6w==",
        "dependencies": {
          "Avalonia": "11.1.0-rc1",
          "Avalonia.Controls.ColorPicker": "11.1.0-rc1",
          "Avalonia.Controls.DataGrid": "11.1.0-rc1",
          "Avalonia.Themes.Simple": "11.1.0-rc1"
        }
      },
      "Avalonia.Fonts.Inter": {
        "type": "Direct",
        "requested": "[11.1.0-rc1, )",
        "resolved": "11.1.0-rc1",
        "contentHash": "0RdDbuV4K8XSTSrhv0wlbKMBXwdjnTY+HfBfelwkASdNYFNIr2nWU5hESxrKxbiqfxeQrt1NPHSVZSdMhx5pbQ==",
        "dependencies": {
          "Avalonia": "11.1.0-rc1"
        }
      },
      "Avalonia.ReactiveUI": {
        "type": "Direct",
        "requested": "[11.1.0-rc1, )",
        "resolved": "11.1.0-rc1",
        "contentHash": "SD2X7IhympLg7NZYWGh/CvuDWGVHW5cxydsrg0oxaXj7RNtU8by5GaVA6+qEsXpFkhg5zJGvshF6N2ERc83PbQ==",
        "dependencies": {
          "Avalonia": "11.1.0-rc1",
          "ReactiveUI": "18.3.1",
          "System.Reactive": "5.0.0"
        }
      },
      "Avalonia.Skia": {
        "type": "Direct",
        "requested": "[11.1.0-rc1, )",
        "resolved": "11.1.0-rc1",
        "contentHash": "mfqXuLAcjO1msdORwonHwGR3Rqb6cav3LTiKAn80w4OhQXJ7XAhHwkVFosCy5CZWuYDTzGWPwzHh0C8HQFcYuw==",
        "dependencies": {
          "Avalonia": "11.1.0-rc1",
          "HarfBuzzSharp": "7.3.0.2",
          "HarfBuzzSharp.NativeAssets.Linux": "7.3.0.2",
          "HarfBuzzSharp.NativeAssets.WebAssembly": "7.3.0.2",
          "SkiaSharp": "2.88.8",
          "SkiaSharp.NativeAssets.Linux": "2.88.8",
          "SkiaSharp.NativeAssets.WebAssembly": "2.88.8"
        }
      },
      "Avalonia.Themes.Fluent": {
        "type": "Direct",
        "requested": "[11.1.0-rc1, )",
        "resolved": "11.1.0-rc1",
        "contentHash": "swqYjmHwF5iGtriWjj2S5qcQAbjX9bF0KBLhGpajvq1nCaAosAUWEOVXVH9KD+i7Jmbyzoq0GJVR8ALs26vvDA==",
        "dependencies": {
          "Avalonia": "11.1.0-rc1"
        }
      },
      "Avalonia.Xaml.Behaviors": {
        "type": "Direct",
        "requested": "[11.1.0-beta2, )",
        "resolved": "11.1.0-beta2",
        "contentHash": "UcyJEbD5P1mgTmoAGpBMMFA9Lox0LNQ+incDLAOAM3P1WpmJPSWm4dNIvh6DfDfvA21rBbSihIa76EQnvoZlEg==",
        "dependencies": {
          "Avalonia": "11.1.0-beta2",
          "Avalonia.Xaml.Interactions": "11.1.0-beta2",
          "Avalonia.Xaml.Interactions.Custom": "11.1.0-beta2",
          "Avalonia.Xaml.Interactions.DragAndDrop": "11.1.0-beta2",
          "Avalonia.Xaml.Interactions.Draggable": "11.1.0-beta2",
          "Avalonia.Xaml.Interactions.Events": "11.1.0-beta2",
          "Avalonia.Xaml.Interactions.Responsive": "11.1.0-beta2",
          "Avalonia.Xaml.Interactivity": "11.1.0-beta2"
        }
      },
      "DynamicData": {
        "type": "Direct",
        "requested": "[8.1.1, )",
        "resolved": "8.1.1",
        "contentHash": "NYTTP6lJudweNrIQgIM67/KzFJIp20NK+GVInqrvxdCB9JMHsihqOYplyDGuOCZbMeZXVskj8bpXZfspsdm45w==",
        "dependencies": {
          "System.Reactive": "6.0.0"
        }
      },
      "Microsoft.CodeAnalysis.BannedApiAnalyzers": {
        "type": "Direct",
        "requested": "[3.3.4, )",
        "resolved": "3.3.4",
        "contentHash": "0k2Jwpc8eq0hjOtX6TxRkHm9clkJ2PAQ3heEHgqIJZcsfdFosC/iyz18nsgTVDDWpID80rC7aiYK7ripx+Qndg=="
      },
      "QRackers": {
        "type": "Direct",
        "requested": "[1.1.0, )",
        "resolved": "1.1.0",
        "contentHash": "a44f7v+IVAI+Rz2PM+EdzreEBbgT9ffOj2B8kiBAKAM4DcgHieaN/qN5RsZwUuFX3TF1HGblZ20aM1jbD+t/Kg==",
        "dependencies": {
          "SkiaSharp": "2.88.3"
        }
      },
      "System.Private.Uri": {
        "type": "Direct",
        "requested": "[4.3.2, )",
        "resolved": "4.3.2",
        "contentHash": "o1+7RJnu3Ik3PazR7Z7tJhjPdE000Eq2KGLLWhqJJKXj04wrS8lwb1OFtDF9jzXXADhUuZNJZlPc98uwwqmpFA==",
        "dependencies": {
          "Microsoft.NETCore.Platforms": "1.1.1",
          "Microsoft.NETCore.Targets": "1.1.3"
        }
      },
      "System.Runtime": {
        "type": "Direct",
        "requested": "[4.3.1, )",
        "resolved": "4.3.1",
        "contentHash": "abhfv1dTK6NXOmu4bgHIONxHyEqFjW8HwXPmpY9gmll+ix9UNo4XDcmzJn6oLooftxNssVHdJC1pGT9jkSynQg==",
        "dependencies": {
          "Microsoft.NETCore.Platforms": "1.1.1",
          "Microsoft.NETCore.Targets": "1.1.3"
        }
      },
      "Avalonia.BuildServices": {
        "type": "Transitive",
        "resolved": "0.0.29",
        "contentHash": "U4eJLQdoDNHXtEba7MZUCwrBErBTxFp6sUewXBOdAhU0Kwzwaa/EKFcYm8kpcysjzKtfB4S0S9n0uxKZFz/ikw=="
      },
      "Avalonia.Controls.ColorPicker": {
        "type": "Transitive",
        "resolved": "11.1.0-rc1",
        "contentHash": "bNAD4ApPGWU41ifD9MVM6oIyPLB+JXgdQWZg/hY3CFD3ZqmhotvCBS/5WaYnKqnJJIsTqJu+qoSOyTDmHUVm+w==",
        "dependencies": {
          "Avalonia": "11.1.0-rc1",
          "Avalonia.Remote.Protocol": "11.1.0-rc1"
        }
      },
      "Avalonia.Controls.DataGrid": {
        "type": "Transitive",
        "resolved": "11.1.0-rc1",
        "contentHash": "DmQRv2vDWdBZ1UdhUHxedKmiZlR7i2UObXMJWaEx09q2SH69yf85TyQzyGArV1Qurji6umlfuUgbnY5CyaGFTg==",
        "dependencies": {
          "Avalonia": "11.1.0-rc1",
          "Avalonia.Remote.Protocol": "11.1.0-rc1"
        }
      },
      "Avalonia.Remote.Protocol": {
        "type": "Transitive",
        "resolved": "11.1.0-rc1",
        "contentHash": "z7BoMU8fP+WRiBx1BK9hDs2LeyRdpVvKAhlrSS0+WcrhkmGy6DQVlmA5CC9OjOwXsG19udLPTIZAn3Iwe+FXzQ=="
      },
      "Avalonia.Themes.Simple": {
        "type": "Transitive",
        "resolved": "11.1.0-rc1",
        "contentHash": "XQ97e+P0Zo+wPd2PKzOldkPMnHx5MHBVKZQu7AnEA0S1hqUIWuVgtJTeo4kydM6XpKkPqKCrkU/153rd9ccSGA==",
        "dependencies": {
          "Avalonia": "11.1.0-rc1"
        }
      },
      "Avalonia.Xaml.Interactions": {
        "type": "Transitive",
        "resolved": "11.1.0-beta2",
        "contentHash": "3qrei+Kl9bxY0bFsD0GCpopYhIF4A9S8cDFzPlXCy9aP2eR3eNVb0vT6+DlGwUo24Nr9HSfDwX/KXm5ou/3VwA==",
        "dependencies": {
          "Avalonia": "11.1.0-beta2",
          "Avalonia.Xaml.Interactivity": "11.1.0-beta2"
        }
      },
      "Avalonia.Xaml.Interactions.Custom": {
        "type": "Transitive",
        "resolved": "11.1.0-beta2",
        "contentHash": "p6mHJMm+yGllT2lUQ9rFolvFzK+kvSG1unCo48D7radRPl6vOcHxxLJxCjKcNAvznBuOlNY0XoF5BpdbOQBqow==",
        "dependencies": {
          "Avalonia": "11.1.0-beta2",
          "Avalonia.Xaml.Interactivity": "11.1.0-beta2",
          "System.Reactive": "6.0.0"
        }
      },
      "Avalonia.Xaml.Interactions.DragAndDrop": {
        "type": "Transitive",
        "resolved": "11.1.0-beta2",
        "contentHash": "kJM8gDhp6NsCvrC5fkKTmcqY9ixFpe5zSU2mNmMCpfkKINyVNvSr29rDG1ni9VMCiakKxWVp9EG/pjdRHAS4dw==",
        "dependencies": {
          "Avalonia": "11.1.0-beta2",
          "Avalonia.Xaml.Interactivity": "11.1.0-beta2"
        }
      },
      "Avalonia.Xaml.Interactions.Draggable": {
        "type": "Transitive",
        "resolved": "11.1.0-beta2",
        "contentHash": "OHChtg1sukjuRhtOqKFyS9I6qxQTHvbMqCNhOuF0BkkQ9ftkCGit3fFYnamX0AXAmPYzpL9JgBx2t3UxX/nxew==",
        "dependencies": {
          "Avalonia": "11.1.0-beta2",
          "Avalonia.Xaml.Interactivity": "11.1.0-beta2"
        }
      },
      "Avalonia.Xaml.Interactions.Events": {
        "type": "Transitive",
        "resolved": "11.1.0-beta2",
        "contentHash": "08jWWeQSX32L0U9MbA60LoB7UeI+sXQ4XbTZad1R8nD/AiXHPR39EIuwduJ4lXfelopGx9kfKHCPmreHX8CY7g==",
        "dependencies": {
          "Avalonia": "11.1.0-beta2",
          "Avalonia.Xaml.Interactivity": "11.1.0-beta2"
        }
      },
      "Avalonia.Xaml.Interactions.Responsive": {
        "type": "Transitive",
        "resolved": "11.1.0-beta2",
        "contentHash": "Af8JgbxRx/hdQboKNUECUCAneNnxgpEZNNcX3mMfVNxyrOCy+9Ol3Yi4EVMJW5lLuszXxEC4upYd2vPVhVaX6A==",
        "dependencies": {
          "Avalonia": "11.1.0-beta2",
          "Avalonia.Xaml.Interactivity": "11.1.0-beta2"
        }
      },
      "Avalonia.Xaml.Interactivity": {
        "type": "Transitive",
        "resolved": "11.1.0-beta2",
        "contentHash": "lHg9lKWhH8X4vRZblPHBO/zv9c8LCuugD/5Hf/+7uvA2prOrhKkHvzYvG2kWiHB52e/tei50Hjb6/7xXhk3s4A==",
        "dependencies": {
          "Avalonia": "11.1.0-beta2"
        }
      },
      "HarfBuzzSharp": {
        "type": "Transitive",
        "resolved": "7.3.0.2",
        "contentHash": "0tCd6HyCmNsX/DniCp2b00fo0xPbdNwKOs9BxxyT8oOOuMlWjcSFwzONKyeckCKVBFEsbSmsAHPDTqxoSDwZMg==",
        "dependencies": {
          "HarfBuzzSharp.NativeAssets.Win32": "7.3.0.2",
          "HarfBuzzSharp.NativeAssets.macOS": "7.3.0.2"
        }
      },
      "HarfBuzzSharp.NativeAssets.Linux": {
        "type": "Transitive",
        "resolved": "7.3.0.2",
        "contentHash": "aKa5J1RqjXKAtdcZJp5wjC78klfBIzJHM6CneN76lFmQ9LLRJA9Oa0TkIDaV8lVLDKMAy5fCKHXFlXUK1YfL/g==",
        "dependencies": {
          "HarfBuzzSharp": "7.3.0.2"
        }
      },
      "HarfBuzzSharp.NativeAssets.macOS": {
        "type": "Transitive",
        "resolved": "7.3.0.2",
        "contentHash": "nycYH/WLJ6ogm+I+QSFCdPJsdxSb5GANWYbQyp1vsd/KjXN56RVUJWPhbgP2GKb/Y7mrsHM7EProqVXlO/EMsA=="
      },
      "HarfBuzzSharp.NativeAssets.WebAssembly": {
        "type": "Transitive",
        "resolved": "7.3.0.2",
        "contentHash": "pR6H16NOAjIhfXomYsgN5anGbOHSfIA8z0RoWEVx8vgLySxz9Jie4DnQ/paWTh5MTtBC8XKkTUI7uKMXcq/Pxw=="
      },
      "HarfBuzzSharp.NativeAssets.Win32": {
        "type": "Transitive",
        "resolved": "7.3.0.2",
        "contentHash": "DpF9JBzwws2dupOLnjME65hxQWWbN/GD40AoTkwB4S05WANvxo3n81AnQJKxWDCnrWfWhLPB36OF27TvEqzb/A=="
      },
      "MicroCom.Runtime": {
        "type": "Transitive",
        "resolved": "0.11.0",
        "contentHash": "MEnrZ3UIiH40hjzMDsxrTyi8dtqB5ziv3iBeeU4bXsL/7NLSal9F1lZKpK+tfBRnUoDSdtcW3KufE4yhATOMCA=="
      },
      "Microsoft.Data.Sqlite.Core": {
        "type": "Transitive",
        "resolved": "8.0.0",
        "contentHash": "pujbzfszX7jAl7oTbHhqx7pxd9jibeyHHl8zy1gd55XMaKWjDtc5XhhNYwQnrwWYCInNdVoArbaaAvLgW7TwuA==",
        "dependencies": {
          "SQLitePCLRaw.core": "2.1.6"
        }
      },
      "Microsoft.Extensions.Configuration": {
        "type": "Transitive",
        "resolved": "8.0.0",
        "contentHash": "0J/9YNXTMWSZP2p2+nvl8p71zpSwokZXZuJW+VjdErkegAnFdO1XlqtA62SJtgVYHdKu3uPxJHcMR/r35HwFBA==",
        "dependencies": {
          "Microsoft.Extensions.Configuration.Abstractions": "8.0.0",
          "Microsoft.Extensions.Primitives": "8.0.0"
        }
      },
      "Microsoft.Extensions.Configuration.Abstractions": {
        "type": "Transitive",
        "resolved": "8.0.0",
        "contentHash": "3lE/iLSutpgX1CC0NOW70FJoGARRHbyKmG7dc0klnUZ9Dd9hS6N/POPWhKhMLCEuNN5nXEY5agmlFtH562vqhQ==",
        "dependencies": {
          "Microsoft.Extensions.Primitives": "8.0.0"
        }
      },
      "Microsoft.Extensions.Configuration.Binder": {
        "type": "Transitive",
        "resolved": "8.0.0",
        "contentHash": "mBMoXLsr5s1y2zOHWmKsE9veDcx8h1x/c3rz4baEdQKTeDcmQAPNbB54Pi/lhFO3K431eEq6PFbMgLaa6PHFfA==",
        "dependencies": {
          "Microsoft.Extensions.Configuration.Abstractions": "8.0.0"
        }
      },
      "Microsoft.Extensions.DependencyInjection": {
        "type": "Transitive",
        "resolved": "8.0.0",
        "contentHash": "V8S3bsm50ig6JSyrbcJJ8bW2b9QLGouz+G1miK3UTaOWmMtFwNNNzUf4AleyDWUmTrWMLNnFSLEQtxmxgNQnNQ==",
        "dependencies": {
          "Microsoft.Extensions.DependencyInjection.Abstractions": "8.0.0"
        }
      },
      "Microsoft.Extensions.DependencyInjection.Abstractions": {
        "type": "Transitive",
        "resolved": "8.0.0",
        "contentHash": "cjWrLkJXK0rs4zofsK4bSdg+jhDLTaxrkXu4gS6Y7MAlCvRyNNgwY/lJi5RDlQOnSZweHqoyvgvbdvQsRIW+hg=="
      },
      "Microsoft.Extensions.Diagnostics": {
        "type": "Transitive",
        "resolved": "8.0.0",
        "contentHash": "3PZp/YSkIXrF7QK7PfC1bkyRYwqOHpWFad8Qx+4wkuumAeXo1NHaxpS9LboNA9OvNSAu+QOVlXbMyoY+pHSqcw==",
        "dependencies": {
          "Microsoft.Extensions.Configuration": "8.0.0",
          "Microsoft.Extensions.Diagnostics.Abstractions": "8.0.0",
          "Microsoft.Extensions.Options.ConfigurationExtensions": "8.0.0"
        }
      },
      "Microsoft.Extensions.Diagnostics.Abstractions": {
        "type": "Transitive",
        "resolved": "8.0.0",
        "contentHash": "JHYCQG7HmugNYUhOl368g+NMxYE/N/AiclCYRNlgCY9eVyiBkOHMwK4x60RYMxv9EL3+rmj1mqHvdCiPpC+D4Q==",
        "dependencies": {
          "Microsoft.Extensions.DependencyInjection.Abstractions": "8.0.0",
          "Microsoft.Extensions.Options": "8.0.0",
          "System.Diagnostics.DiagnosticSource": "8.0.0"
        }
      },
      "Microsoft.Extensions.FileProviders.Abstractions": {
        "type": "Transitive",
        "resolved": "8.0.0",
        "contentHash": "ZbaMlhJlpisjuWbvXr4LdAst/1XxH3vZ6A0BsgTphZ2L4PGuxRLz7Jr/S7mkAAnOn78Vu0fKhEgNF5JO3zfjqQ==",
        "dependencies": {
          "Microsoft.Extensions.Primitives": "8.0.0"
        }
      },
      "Microsoft.Extensions.Logging": {
        "type": "Transitive",
        "resolved": "8.0.0",
        "contentHash": "tvRkov9tAJ3xP51LCv3FJ2zINmv1P8Hi8lhhtcKGqM+ImiTCC84uOPEI4z8Cdq2C3o9e+Aa0Gw0rmrsJD77W+w==",
        "dependencies": {
          "Microsoft.Extensions.DependencyInjection": "8.0.0",
          "Microsoft.Extensions.Logging.Abstractions": "8.0.0",
          "Microsoft.Extensions.Options": "8.0.0"
        }
      },
      "Microsoft.Extensions.Logging.Abstractions": {
        "type": "Transitive",
        "resolved": "8.0.0",
        "contentHash": "arDBqTgFCyS0EvRV7O3MZturChstm50OJ0y9bDJvAcmEPJm0FFpFyjU/JLYyStNGGey081DvnQYlncNX5SJJGA==",
        "dependencies": {
          "Microsoft.Extensions.DependencyInjection.Abstractions": "8.0.0"
        }
      },
      "Microsoft.Extensions.Options": {
        "type": "Transitive",
        "resolved": "8.0.0",
        "contentHash": "JOVOfqpnqlVLUzINQ2fox8evY2SKLYJ3BV8QDe/Jyp21u1T7r45x/R/5QdteURMR5r01GxeJSBBUOCOyaNXA3g==",
        "dependencies": {
          "Microsoft.Extensions.DependencyInjection.Abstractions": "8.0.0",
          "Microsoft.Extensions.Primitives": "8.0.0"
        }
      },
      "Microsoft.Extensions.Options.ConfigurationExtensions": {
        "type": "Transitive",
        "resolved": "8.0.0",
        "contentHash": "0f4DMRqEd50zQh+UyJc+/HiBsZ3vhAQALgdkcQEalSH1L2isdC7Yj54M3cyo5e+BeO5fcBQ7Dxly8XiBBcvRgw==",
        "dependencies": {
          "Microsoft.Extensions.Configuration.Abstractions": "8.0.0",
          "Microsoft.Extensions.Configuration.Binder": "8.0.0",
          "Microsoft.Extensions.DependencyInjection.Abstractions": "8.0.0",
          "Microsoft.Extensions.Options": "8.0.0",
          "Microsoft.Extensions.Primitives": "8.0.0"
        }
      },
      "Microsoft.Extensions.Primitives": {
        "type": "Transitive",
        "resolved": "8.0.0",
        "contentHash": "bXJEZrW9ny8vjMF1JV253WeLhpEVzFo1lyaZu1vQ4ZxWUlVvknZ/+ftFgVheLubb4eZPSwwxBeqS1JkCOjxd8g=="
      },
      "Microsoft.Net.Http.Headers": {
        "type": "Transitive",
        "resolved": "8.0.0",
        "contentHash": "YlHqL8oWBX3H1LmdKUOxEMW8cVD8nUACEnE2Fu3Ze4k7mYf8yJ1o/uLqoequQV0GDupXyCBEzYhn7Zxdz7pqYQ==",
        "dependencies": {
          "Microsoft.Extensions.Primitives": "8.0.0"
        }
      },
      "Microsoft.NETCore.Platforms": {
        "type": "Transitive",
        "resolved": "1.1.1",
        "contentHash": "TMBuzAHpTenGbGgk0SMTwyEkyijY/Eae4ZGsFNYJvAr/LDn1ku3Etp3FPxChmDp5HHF3kzJuoaa08N0xjqAJfQ=="
      },
      "Microsoft.NETCore.Targets": {
        "type": "Transitive",
        "resolved": "1.1.3",
        "contentHash": "3Wrmi0kJDzClwAC+iBdUBpEKmEle8FQNsCs77fkiOIw/9oYA07bL1EZNX0kQ2OMN3xpwvl0vAtOCYY3ndDNlhQ=="
      },
      "NBitcoin.Secp256k1": {
        "type": "Transitive",
        "resolved": "3.1.0",
        "contentHash": "DVJbhT1plnBqPNnl5MNW1Aw5DCdfQ7MwlcL6PKcBIWPlQUO4T1FZRC4g2Axp9fd40eDKkyhq9MHlN9EeO09sGw=="
      },
      "Newtonsoft.Json": {
        "type": "Transitive",
        "resolved": "13.0.1",
        "contentHash": "ppPFpBcvxdsfUonNcvITKqLl3bqxWbDCZIzDWHzjpdAHRFfZe0Dw9HmA0+za13IdyrgJwpkDTDA9fHaxOrt20A=="
      },
      "ReactiveUI": {
        "type": "Transitive",
        "resolved": "18.3.1",
        "contentHash": "0tclGtjrRPfA2gbjiM7O3DeNmo6/TpDn7CMN6jgzDrbgrnysM7oEzjGEeXbtXaOxH6kEf6RiMKWobZoSgbBXhQ==",
        "dependencies": {
          "DynamicData": "7.9.5",
          "Splat": "14.4.1"
        }
      },
      "SkiaSharp": {
        "type": "Transitive",
        "resolved": "2.88.8",
        "contentHash": "bRkp3uKp5ZI8gXYQT57uKwil1uobb2p8c69n7v5evlB/2JNcMAXVcw9DZAP5Ig3WSvgzGm2YSn27UVeOi05NlA==",
        "dependencies": {
          "SkiaSharp.NativeAssets.Win32": "2.88.8",
          "SkiaSharp.NativeAssets.macOS": "2.88.8"
        }
      },
      "SkiaSharp.NativeAssets.Linux": {
        "type": "Transitive",
        "resolved": "2.88.8",
        "contentHash": "0FO6YA7paNFBMJULvEyecPmCvL9/STvOAi5VOUw2srqJ7pNTbiiZkfl7sulAzcumbWgfzaVjRXYTgMj7SoUnWQ==",
        "dependencies": {
          "SkiaSharp": "2.88.8"
        }
      },
      "SkiaSharp.NativeAssets.macOS": {
        "type": "Transitive",
        "resolved": "2.88.8",
        "contentHash": "6Kn5TSkKlfyS6azWHF3Jk2sW5C4jCE5uSshM/5AbfFrR+5n6qM5XEnz9h4VaVl7LTxBvHvMkuPb/3bpbq0vxTw=="
      },
      "SkiaSharp.NativeAssets.WebAssembly": {
        "type": "Transitive",
        "resolved": "2.88.8",
        "contentHash": "S3qRo8c+gVYOyfrdf6FYnjx/ft+gPkb4dNY2IPv5Oy5yNBhDhXhKqHFr9h4+ne6ZU+7D4dbuRQqsIqCo8u1/DA=="
      },
      "SkiaSharp.NativeAssets.Win32": {
        "type": "Transitive",
        "resolved": "2.88.8",
        "contentHash": "O9QXoWEXA+6cweR4h3BOnwMz+pO9vL9mXdjLrpDd0w1QzCgWmLQBxa1VgySDITiH7nQndrDG1h6937zm9pLj1Q=="
      },
      "Splat": {
        "type": "Transitive",
        "resolved": "14.4.1",
        "contentHash": "Z1Mncnzm9pNIaIbZ/EWH6x5ESnKsmAvu8HP4StBRw+yhz0lzE7LCbt22TNTPaFrYLYbYCbGQIc/61yuSnpLidg=="
      },
      "SQLitePCLRaw.bundle_e_sqlite3": {
        "type": "Transitive",
        "resolved": "2.1.6",
        "contentHash": "BmAf6XWt4TqtowmiWe4/5rRot6GerAeklmOPfviOvwLoF5WwgxcJHAxZtySuyW9r9w+HLILnm8VfJFLCUJYW8A==",
        "dependencies": {
          "SQLitePCLRaw.lib.e_sqlite3": "2.1.6",
          "SQLitePCLRaw.provider.e_sqlite3": "2.1.6"
        }
      },
      "SQLitePCLRaw.core": {
        "type": "Transitive",
        "resolved": "2.1.6",
        "contentHash": "wO6v9GeMx9CUngAet8hbO7xdm+M42p1XeJq47ogyRoYSvNSp0NGLI+MgC0bhrMk9C17MTVFlLiN6ylyExLCc5w==",
        "dependencies": {
          "System.Memory": "4.5.3"
        }
      },
      "SQLitePCLRaw.lib.e_sqlite3": {
        "type": "Transitive",
        "resolved": "2.1.6",
        "contentHash": "2ObJJLkIUIxRpOUlZNGuD4rICpBnrBR5anjyfUFQep4hMOIeqW+XGQYzrNmHSVz5xSWZ3klSbh7sFR6UyDj68Q=="
      },
      "SQLitePCLRaw.provider.e_sqlite3": {
        "type": "Transitive",
        "resolved": "2.1.6",
        "contentHash": "PQ2Oq3yepLY4P7ll145P3xtx2bX8xF4PzaKPRpw9jZlKvfe4LE/saAV82inND9usn1XRpmxXk7Lal3MTI+6CNg==",
        "dependencies": {
          "SQLitePCLRaw.core": "2.1.6"
        }
      },
      "System.Diagnostics.DiagnosticSource": {
        "type": "Transitive",
        "resolved": "8.0.0",
        "contentHash": "c9xLpVz6PL9lp/djOWtk5KPDZq3cSYpmXoJQY524EOtuFl5z9ZtsotpsyrDW40U1DRnQSYvcPKEUV0X//u6gkQ=="
      },
      "System.Memory": {
        "type": "Transitive",
        "resolved": "4.5.3",
        "contentHash": "3oDzvc/zzetpTKWMShs1AADwZjQ/36HnsufHRPcOjyRAAMLDlu2iD33MBI2opxnezcVUtXyqDXXjoFMOU9c7SA=="
      },
      "System.Reactive": {
        "type": "Transitive",
        "resolved": "6.0.0",
        "contentHash": "31kfaW4ZupZzPsI5PVe77VhnvFF55qgma7KZr/E0iFTs6fmdhhG8j0mgEx620iLTey1EynOkEfnyTjtNEpJzGw=="
      },
      "walletwasabi": {
        "type": "Project",
        "dependencies": {
          "Microsoft.AspNetCore.WebUtilities": "[8.0.0, )",
          "Microsoft.Data.Sqlite": "[8.0.0, )",
          "Microsoft.Extensions.Caching.Abstractions": "[8.0.0, )",
          "Microsoft.Extensions.Hosting.Abstractions": "[8.0.0, )",
          "Microsoft.Extensions.Http": "[8.0.0, )",
          "Microsoft.Win32.SystemEvents": "[8.0.0, )",
          "NBitcoin": "[7.0.27, )",
          "System.IO.Pipelines": "[8.0.0, )",
          "WabiSabi": "[1.0.1.2, )"
        }
      },
      "Wasabi Wallet Daemon": {
        "type": "Project",
        "dependencies": {
          "Microsoft.Extensions.Caching.Memory": "[8.0.0, )",
          "WalletWasabi": "[1.0.0, )"
        }
      },
      "Microsoft.AspNetCore.WebUtilities": {
        "type": "CentralTransitive",
        "requested": "[8.0.0, )",
        "resolved": "8.0.0",
        "contentHash": "z1SXKg5Bk02VmrrOab1TO2yxkZIfL4RyrS+yCpwxcLTqJwImYhEttz3LYbl1gQebkAAvx2Fm4NVXmopxXeLZgw==",
        "dependencies": {
          "Microsoft.Net.Http.Headers": "8.0.0",
          "System.IO.Pipelines": "8.0.0"
        }
      },
      "Microsoft.Data.Sqlite": {
        "type": "CentralTransitive",
        "requested": "[8.0.0, )",
        "resolved": "8.0.0",
        "contentHash": "H+iC5IvkCCKSNHXzL3JARvDn7VpkvuJM91KVB89sKjeTF/KX/BocNNh93ZJtX5MCQKb/z4yVKgkU2sVIq+xKfg==",
        "dependencies": {
          "Microsoft.Data.Sqlite.Core": "8.0.0",
          "SQLitePCLRaw.bundle_e_sqlite3": "2.1.6"
        }
      },
      "Microsoft.Extensions.Caching.Abstractions": {
        "type": "CentralTransitive",
        "requested": "[8.0.0, )",
        "resolved": "8.0.0",
        "contentHash": "3KuSxeHoNYdxVYfg2IRZCThcrlJ1XJqIXkAWikCsbm5C/bCjv7G0WoKDyuR98Q+T607QT2Zl5GsbGRkENcV2yQ==",
        "dependencies": {
          "Microsoft.Extensions.Primitives": "8.0.0"
        }
      },
      "Microsoft.Extensions.Caching.Memory": {
        "type": "CentralTransitive",
        "requested": "[8.0.0, )",
        "resolved": "8.0.0",
        "contentHash": "7pqivmrZDzo1ADPkRwjy+8jtRKWRCPag9qPI+p7sgu7Q4QreWhcvbiWXsbhP+yY8XSiDvZpu2/LWdBv7PnmOpQ==",
        "dependencies": {
          "Microsoft.Extensions.Caching.Abstractions": "8.0.0",
          "Microsoft.Extensions.DependencyInjection.Abstractions": "8.0.0",
          "Microsoft.Extensions.Logging.Abstractions": "8.0.0",
          "Microsoft.Extensions.Options": "8.0.0",
          "Microsoft.Extensions.Primitives": "8.0.0"
        }
      },
      "Microsoft.Extensions.Hosting.Abstractions": {
        "type": "CentralTransitive",
        "requested": "[8.0.0, )",
        "resolved": "8.0.0",
        "contentHash": "AG7HWwVRdCHlaA++1oKDxLsXIBxmDpMPb3VoyOoAghEWnkUvEAdYQUwnV4jJbAaa/nMYNiEh5ByoLauZBEiovg==",
        "dependencies": {
          "Microsoft.Extensions.Configuration.Abstractions": "8.0.0",
          "Microsoft.Extensions.DependencyInjection.Abstractions": "8.0.0",
          "Microsoft.Extensions.Diagnostics.Abstractions": "8.0.0",
          "Microsoft.Extensions.FileProviders.Abstractions": "8.0.0",
          "Microsoft.Extensions.Logging.Abstractions": "8.0.0"
        }
      },
      "Microsoft.Extensions.Http": {
        "type": "CentralTransitive",
        "requested": "[8.0.0, )",
        "resolved": "8.0.0",
        "contentHash": "cWz4caHwvx0emoYe7NkHPxII/KkTI8R/LC9qdqJqnKv2poTJ4e2qqPGQqvRoQ5kaSA4FU5IV3qFAuLuOhoqULQ==",
        "dependencies": {
          "Microsoft.Extensions.Configuration.Abstractions": "8.0.0",
          "Microsoft.Extensions.DependencyInjection.Abstractions": "8.0.0",
          "Microsoft.Extensions.Diagnostics": "8.0.0",
          "Microsoft.Extensions.Logging": "8.0.0",
          "Microsoft.Extensions.Logging.Abstractions": "8.0.0",
          "Microsoft.Extensions.Options": "8.0.0"
        }
      },
      "Microsoft.Win32.SystemEvents": {
        "type": "CentralTransitive",
        "requested": "[8.0.0, )",
        "resolved": "8.0.0",
        "contentHash": "9opKRyOKMCi2xJ7Bj7kxtZ1r9vbzosMvRrdEhVhDz8j8MoBGgB+WmC94yH839NPH+BclAjtQ/pyagvi/8gDLkw=="
      },
      "NBitcoin": {
        "type": "CentralTransitive",
        "requested": "[7.0.27, )",
        "resolved": "7.0.27",
        "contentHash": "n2eHYJf0YVOf3ld0fhQJ8qR8TDvGZObGseOf5gHx03QpG+lq5L5qJAn5SA+MvZQLKcqhEUJ+S2AKvWkgZYS4Gw==",
        "dependencies": {
          "Microsoft.Extensions.Logging.Abstractions": "1.0.0",
          "Newtonsoft.Json": "13.0.1"
        }
      },
      "System.IO.Pipelines": {
        "type": "CentralTransitive",
        "requested": "[8.0.0, )",
        "resolved": "8.0.0",
        "contentHash": "FHNOatmUq0sqJOkTx+UF/9YK1f180cnW5FVqnQMvYUN0elp6wFzbtPSiqbo1/ru8ICp43JM1i7kKkk6GsNGHlA=="
      },
      "WabiSabi": {
        "type": "CentralTransitive",
        "requested": "[1.0.1.2, )",
        "resolved": "1.0.1.2",
        "contentHash": "e+pMZGVEfWQvkpZHAydGv6grY71urfO47lodjXC9eWtfSFvNtPWjrgqck9O24yIbXhP4K3QrJKzJQFGpAp8rqg==",
        "dependencies": {
          "NBitcoin.Secp256k1": "3.1.0"
        }
      }
    },
    "net8.0/linux-arm64": {
      "System.Private.Uri": {
        "type": "Direct",
        "requested": "[4.3.2, )",
        "resolved": "4.3.2",
        "contentHash": "o1+7RJnu3Ik3PazR7Z7tJhjPdE000Eq2KGLLWhqJJKXj04wrS8lwb1OFtDF9jzXXADhUuZNJZlPc98uwwqmpFA==",
        "dependencies": {
          "Microsoft.NETCore.Platforms": "1.1.1",
          "Microsoft.NETCore.Targets": "1.1.3",
          "runtime.unix.System.Private.Uri": "4.3.0"
        }
      },
      "System.Runtime": {
        "type": "Direct",
        "requested": "[4.3.1, )",
        "resolved": "4.3.1",
        "contentHash": "abhfv1dTK6NXOmu4bgHIONxHyEqFjW8HwXPmpY9gmll+ix9UNo4XDcmzJn6oLooftxNssVHdJC1pGT9jkSynQg==",
        "dependencies": {
          "Microsoft.NETCore.Platforms": "1.1.1",
          "Microsoft.NETCore.Targets": "1.1.3",
          "runtime.any.System.Runtime": "4.3.0"
        }
      },
      "HarfBuzzSharp.NativeAssets.Linux": {
        "type": "Transitive",
        "resolved": "7.3.0.2",
        "contentHash": "aKa5J1RqjXKAtdcZJp5wjC78klfBIzJHM6CneN76lFmQ9LLRJA9Oa0TkIDaV8lVLDKMAy5fCKHXFlXUK1YfL/g==",
        "dependencies": {
          "HarfBuzzSharp": "7.3.0.2"
        }
      },
      "HarfBuzzSharp.NativeAssets.macOS": {
        "type": "Transitive",
        "resolved": "7.3.0.2",
        "contentHash": "nycYH/WLJ6ogm+I+QSFCdPJsdxSb5GANWYbQyp1vsd/KjXN56RVUJWPhbgP2GKb/Y7mrsHM7EProqVXlO/EMsA=="
      },
      "HarfBuzzSharp.NativeAssets.Win32": {
        "type": "Transitive",
        "resolved": "7.3.0.2",
        "contentHash": "DpF9JBzwws2dupOLnjME65hxQWWbN/GD40AoTkwB4S05WANvxo3n81AnQJKxWDCnrWfWhLPB36OF27TvEqzb/A=="
      },
      "runtime.any.System.Runtime": {
        "type": "Transitive",
        "resolved": "4.3.0",
        "contentHash": "fRS7zJgaG9NkifaAxGGclDDoRn9HC7hXACl52Or06a/fxdzDajWb5wov3c6a+gVSlekRoexfjwQSK9sh5um5LQ==",
        "dependencies": {
          "System.Private.Uri": "4.3.0"
        }
      },
      "runtime.native.System": {
        "type": "Transitive",
        "resolved": "4.3.0",
        "contentHash": "c/qWt2LieNZIj1jGnVNsE2Kl23Ya2aSTBuXMD6V7k9KWr6l16Tqdwq+hJScEpWER9753NWC8h96PaVNY5Ld7Jw==",
        "dependencies": {
          "Microsoft.NETCore.Platforms": "1.1.0",
          "Microsoft.NETCore.Targets": "1.1.0"
        }
      },
      "runtime.unix.System.Private.Uri": {
        "type": "Transitive",
        "resolved": "4.3.0",
        "contentHash": "ooWzobr5RAq34r9uan1r/WPXJYG1XWy9KanrxNvEnBzbFdQbMG7Y3bVi4QxR7xZMNLOxLLTAyXvnSkfj5boZSg==",
        "dependencies": {
          "runtime.native.System": "4.3.0"
        }
      },
      "SkiaSharp.NativeAssets.Linux": {
        "type": "Transitive",
        "resolved": "2.88.8",
        "contentHash": "0FO6YA7paNFBMJULvEyecPmCvL9/STvOAi5VOUw2srqJ7pNTbiiZkfl7sulAzcumbWgfzaVjRXYTgMj7SoUnWQ==",
        "dependencies": {
          "SkiaSharp": "2.88.8"
        }
      },
      "SkiaSharp.NativeAssets.macOS": {
        "type": "Transitive",
        "resolved": "2.88.8",
        "contentHash": "6Kn5TSkKlfyS6azWHF3Jk2sW5C4jCE5uSshM/5AbfFrR+5n6qM5XEnz9h4VaVl7LTxBvHvMkuPb/3bpbq0vxTw=="
      },
      "SkiaSharp.NativeAssets.Win32": {
        "type": "Transitive",
        "resolved": "2.88.8",
        "contentHash": "O9QXoWEXA+6cweR4h3BOnwMz+pO9vL9mXdjLrpDd0w1QzCgWmLQBxa1VgySDITiH7nQndrDG1h6937zm9pLj1Q=="
      },
      "SQLitePCLRaw.lib.e_sqlite3": {
        "type": "Transitive",
        "resolved": "2.1.6",
        "contentHash": "2ObJJLkIUIxRpOUlZNGuD4rICpBnrBR5anjyfUFQep4hMOIeqW+XGQYzrNmHSVz5xSWZ3klSbh7sFR6UyDj68Q=="
      },
      "Microsoft.Win32.SystemEvents": {
        "type": "CentralTransitive",
        "requested": "[8.0.0, )",
        "resolved": "8.0.0",
        "contentHash": "9opKRyOKMCi2xJ7Bj7kxtZ1r9vbzosMvRrdEhVhDz8j8MoBGgB+WmC94yH839NPH+BclAjtQ/pyagvi/8gDLkw=="
      }
    },
    "net8.0/linux-x64": {
      "System.Private.Uri": {
        "type": "Direct",
        "requested": "[4.3.2, )",
        "resolved": "4.3.2",
        "contentHash": "o1+7RJnu3Ik3PazR7Z7tJhjPdE000Eq2KGLLWhqJJKXj04wrS8lwb1OFtDF9jzXXADhUuZNJZlPc98uwwqmpFA==",
        "dependencies": {
          "Microsoft.NETCore.Platforms": "1.1.1",
          "Microsoft.NETCore.Targets": "1.1.3",
          "runtime.unix.System.Private.Uri": "4.3.0"
        }
      },
      "System.Runtime": {
        "type": "Direct",
        "requested": "[4.3.1, )",
        "resolved": "4.3.1",
        "contentHash": "abhfv1dTK6NXOmu4bgHIONxHyEqFjW8HwXPmpY9gmll+ix9UNo4XDcmzJn6oLooftxNssVHdJC1pGT9jkSynQg==",
        "dependencies": {
          "Microsoft.NETCore.Platforms": "1.1.1",
          "Microsoft.NETCore.Targets": "1.1.3",
          "runtime.any.System.Runtime": "4.3.0"
        }
      },
      "HarfBuzzSharp.NativeAssets.Linux": {
        "type": "Transitive",
        "resolved": "7.3.0.2",
        "contentHash": "aKa5J1RqjXKAtdcZJp5wjC78klfBIzJHM6CneN76lFmQ9LLRJA9Oa0TkIDaV8lVLDKMAy5fCKHXFlXUK1YfL/g==",
        "dependencies": {
          "HarfBuzzSharp": "7.3.0.2"
        }
      },
      "HarfBuzzSharp.NativeAssets.macOS": {
        "type": "Transitive",
        "resolved": "7.3.0.2",
        "contentHash": "nycYH/WLJ6ogm+I+QSFCdPJsdxSb5GANWYbQyp1vsd/KjXN56RVUJWPhbgP2GKb/Y7mrsHM7EProqVXlO/EMsA=="
      },
      "HarfBuzzSharp.NativeAssets.Win32": {
        "type": "Transitive",
        "resolved": "7.3.0.2",
        "contentHash": "DpF9JBzwws2dupOLnjME65hxQWWbN/GD40AoTkwB4S05WANvxo3n81AnQJKxWDCnrWfWhLPB36OF27TvEqzb/A=="
      },
      "runtime.any.System.Runtime": {
        "type": "Transitive",
        "resolved": "4.3.0",
        "contentHash": "fRS7zJgaG9NkifaAxGGclDDoRn9HC7hXACl52Or06a/fxdzDajWb5wov3c6a+gVSlekRoexfjwQSK9sh5um5LQ==",
        "dependencies": {
          "System.Private.Uri": "4.3.0"
        }
      },
      "runtime.native.System": {
        "type": "Transitive",
        "resolved": "4.3.0",
        "contentHash": "c/qWt2LieNZIj1jGnVNsE2Kl23Ya2aSTBuXMD6V7k9KWr6l16Tqdwq+hJScEpWER9753NWC8h96PaVNY5Ld7Jw==",
        "dependencies": {
          "Microsoft.NETCore.Platforms": "1.1.0",
          "Microsoft.NETCore.Targets": "1.1.0"
        }
      },
      "runtime.unix.System.Private.Uri": {
        "type": "Transitive",
        "resolved": "4.3.0",
        "contentHash": "ooWzobr5RAq34r9uan1r/WPXJYG1XWy9KanrxNvEnBzbFdQbMG7Y3bVi4QxR7xZMNLOxLLTAyXvnSkfj5boZSg==",
        "dependencies": {
          "runtime.native.System": "4.3.0"
        }
      },
      "SkiaSharp.NativeAssets.Linux": {
        "type": "Transitive",
        "resolved": "2.88.8",
        "contentHash": "0FO6YA7paNFBMJULvEyecPmCvL9/STvOAi5VOUw2srqJ7pNTbiiZkfl7sulAzcumbWgfzaVjRXYTgMj7SoUnWQ==",
        "dependencies": {
          "SkiaSharp": "2.88.8"
        }
      },
      "SkiaSharp.NativeAssets.macOS": {
        "type": "Transitive",
        "resolved": "2.88.8",
        "contentHash": "6Kn5TSkKlfyS6azWHF3Jk2sW5C4jCE5uSshM/5AbfFrR+5n6qM5XEnz9h4VaVl7LTxBvHvMkuPb/3bpbq0vxTw=="
      },
      "SkiaSharp.NativeAssets.Win32": {
        "type": "Transitive",
        "resolved": "2.88.8",
        "contentHash": "O9QXoWEXA+6cweR4h3BOnwMz+pO9vL9mXdjLrpDd0w1QzCgWmLQBxa1VgySDITiH7nQndrDG1h6937zm9pLj1Q=="
      },
      "SQLitePCLRaw.lib.e_sqlite3": {
        "type": "Transitive",
        "resolved": "2.1.6",
        "contentHash": "2ObJJLkIUIxRpOUlZNGuD4rICpBnrBR5anjyfUFQep4hMOIeqW+XGQYzrNmHSVz5xSWZ3klSbh7sFR6UyDj68Q=="
      },
      "Microsoft.Win32.SystemEvents": {
        "type": "CentralTransitive",
        "requested": "[8.0.0, )",
        "resolved": "8.0.0",
        "contentHash": "9opKRyOKMCi2xJ7Bj7kxtZ1r9vbzosMvRrdEhVhDz8j8MoBGgB+WmC94yH839NPH+BclAjtQ/pyagvi/8gDLkw=="
      }
    },
    "net8.0/osx-arm64": {
      "System.Private.Uri": {
        "type": "Direct",
        "requested": "[4.3.2, )",
        "resolved": "4.3.2",
        "contentHash": "o1+7RJnu3Ik3PazR7Z7tJhjPdE000Eq2KGLLWhqJJKXj04wrS8lwb1OFtDF9jzXXADhUuZNJZlPc98uwwqmpFA==",
        "dependencies": {
          "Microsoft.NETCore.Platforms": "1.1.1",
          "Microsoft.NETCore.Targets": "1.1.3",
          "runtime.unix.System.Private.Uri": "4.3.0"
        }
      },
      "System.Runtime": {
        "type": "Direct",
        "requested": "[4.3.1, )",
        "resolved": "4.3.1",
        "contentHash": "abhfv1dTK6NXOmu4bgHIONxHyEqFjW8HwXPmpY9gmll+ix9UNo4XDcmzJn6oLooftxNssVHdJC1pGT9jkSynQg==",
        "dependencies": {
          "Microsoft.NETCore.Platforms": "1.1.1",
          "Microsoft.NETCore.Targets": "1.1.3",
          "runtime.any.System.Runtime": "4.3.0"
        }
      },
      "HarfBuzzSharp.NativeAssets.Linux": {
        "type": "Transitive",
        "resolved": "7.3.0.2",
        "contentHash": "aKa5J1RqjXKAtdcZJp5wjC78klfBIzJHM6CneN76lFmQ9LLRJA9Oa0TkIDaV8lVLDKMAy5fCKHXFlXUK1YfL/g==",
        "dependencies": {
          "HarfBuzzSharp": "7.3.0.2"
        }
      },
      "HarfBuzzSharp.NativeAssets.macOS": {
        "type": "Transitive",
        "resolved": "7.3.0.2",
        "contentHash": "nycYH/WLJ6ogm+I+QSFCdPJsdxSb5GANWYbQyp1vsd/KjXN56RVUJWPhbgP2GKb/Y7mrsHM7EProqVXlO/EMsA=="
      },
      "HarfBuzzSharp.NativeAssets.Win32": {
        "type": "Transitive",
        "resolved": "7.3.0.2",
        "contentHash": "DpF9JBzwws2dupOLnjME65hxQWWbN/GD40AoTkwB4S05WANvxo3n81AnQJKxWDCnrWfWhLPB36OF27TvEqzb/A=="
      },
      "runtime.any.System.Runtime": {
        "type": "Transitive",
        "resolved": "4.3.0",
        "contentHash": "fRS7zJgaG9NkifaAxGGclDDoRn9HC7hXACl52Or06a/fxdzDajWb5wov3c6a+gVSlekRoexfjwQSK9sh5um5LQ==",
        "dependencies": {
          "System.Private.Uri": "4.3.0"
        }
      },
      "runtime.native.System": {
        "type": "Transitive",
        "resolved": "4.3.0",
        "contentHash": "c/qWt2LieNZIj1jGnVNsE2Kl23Ya2aSTBuXMD6V7k9KWr6l16Tqdwq+hJScEpWER9753NWC8h96PaVNY5Ld7Jw==",
        "dependencies": {
          "Microsoft.NETCore.Platforms": "1.1.0",
          "Microsoft.NETCore.Targets": "1.1.0"
        }
      },
      "runtime.unix.System.Private.Uri": {
        "type": "Transitive",
        "resolved": "4.3.0",
        "contentHash": "ooWzobr5RAq34r9uan1r/WPXJYG1XWy9KanrxNvEnBzbFdQbMG7Y3bVi4QxR7xZMNLOxLLTAyXvnSkfj5boZSg==",
        "dependencies": {
          "runtime.native.System": "4.3.0"
        }
      },
      "SkiaSharp.NativeAssets.Linux": {
        "type": "Transitive",
        "resolved": "2.88.8",
        "contentHash": "0FO6YA7paNFBMJULvEyecPmCvL9/STvOAi5VOUw2srqJ7pNTbiiZkfl7sulAzcumbWgfzaVjRXYTgMj7SoUnWQ==",
        "dependencies": {
          "SkiaSharp": "2.88.8"
        }
      },
      "SkiaSharp.NativeAssets.macOS": {
        "type": "Transitive",
        "resolved": "2.88.8",
        "contentHash": "6Kn5TSkKlfyS6azWHF3Jk2sW5C4jCE5uSshM/5AbfFrR+5n6qM5XEnz9h4VaVl7LTxBvHvMkuPb/3bpbq0vxTw=="
      },
      "SkiaSharp.NativeAssets.Win32": {
        "type": "Transitive",
        "resolved": "2.88.8",
        "contentHash": "O9QXoWEXA+6cweR4h3BOnwMz+pO9vL9mXdjLrpDd0w1QzCgWmLQBxa1VgySDITiH7nQndrDG1h6937zm9pLj1Q=="
      },
      "SQLitePCLRaw.lib.e_sqlite3": {
        "type": "Transitive",
        "resolved": "2.1.6",
        "contentHash": "2ObJJLkIUIxRpOUlZNGuD4rICpBnrBR5anjyfUFQep4hMOIeqW+XGQYzrNmHSVz5xSWZ3klSbh7sFR6UyDj68Q=="
      },
      "Microsoft.Win32.SystemEvents": {
        "type": "CentralTransitive",
        "requested": "[8.0.0, )",
        "resolved": "8.0.0",
        "contentHash": "9opKRyOKMCi2xJ7Bj7kxtZ1r9vbzosMvRrdEhVhDz8j8MoBGgB+WmC94yH839NPH+BclAjtQ/pyagvi/8gDLkw=="
      }
    },
    "net8.0/osx-x64": {
      "System.Private.Uri": {
        "type": "Direct",
        "requested": "[4.3.2, )",
        "resolved": "4.3.2",
        "contentHash": "o1+7RJnu3Ik3PazR7Z7tJhjPdE000Eq2KGLLWhqJJKXj04wrS8lwb1OFtDF9jzXXADhUuZNJZlPc98uwwqmpFA==",
        "dependencies": {
          "Microsoft.NETCore.Platforms": "1.1.1",
          "Microsoft.NETCore.Targets": "1.1.3",
          "runtime.unix.System.Private.Uri": "4.3.0"
        }
      },
      "System.Runtime": {
        "type": "Direct",
        "requested": "[4.3.1, )",
        "resolved": "4.3.1",
        "contentHash": "abhfv1dTK6NXOmu4bgHIONxHyEqFjW8HwXPmpY9gmll+ix9UNo4XDcmzJn6oLooftxNssVHdJC1pGT9jkSynQg==",
        "dependencies": {
          "Microsoft.NETCore.Platforms": "1.1.1",
          "Microsoft.NETCore.Targets": "1.1.3",
          "runtime.any.System.Runtime": "4.3.0"
        }
      },
      "HarfBuzzSharp.NativeAssets.Linux": {
        "type": "Transitive",
        "resolved": "7.3.0.2",
        "contentHash": "aKa5J1RqjXKAtdcZJp5wjC78klfBIzJHM6CneN76lFmQ9LLRJA9Oa0TkIDaV8lVLDKMAy5fCKHXFlXUK1YfL/g==",
        "dependencies": {
          "HarfBuzzSharp": "7.3.0.2"
        }
      },
      "HarfBuzzSharp.NativeAssets.macOS": {
        "type": "Transitive",
        "resolved": "7.3.0.2",
        "contentHash": "nycYH/WLJ6ogm+I+QSFCdPJsdxSb5GANWYbQyp1vsd/KjXN56RVUJWPhbgP2GKb/Y7mrsHM7EProqVXlO/EMsA=="
      },
      "HarfBuzzSharp.NativeAssets.Win32": {
        "type": "Transitive",
        "resolved": "7.3.0.2",
        "contentHash": "DpF9JBzwws2dupOLnjME65hxQWWbN/GD40AoTkwB4S05WANvxo3n81AnQJKxWDCnrWfWhLPB36OF27TvEqzb/A=="
      },
      "runtime.any.System.Runtime": {
        "type": "Transitive",
        "resolved": "4.3.0",
        "contentHash": "fRS7zJgaG9NkifaAxGGclDDoRn9HC7hXACl52Or06a/fxdzDajWb5wov3c6a+gVSlekRoexfjwQSK9sh5um5LQ==",
        "dependencies": {
          "System.Private.Uri": "4.3.0"
        }
      },
      "runtime.native.System": {
        "type": "Transitive",
        "resolved": "4.3.0",
        "contentHash": "c/qWt2LieNZIj1jGnVNsE2Kl23Ya2aSTBuXMD6V7k9KWr6l16Tqdwq+hJScEpWER9753NWC8h96PaVNY5Ld7Jw==",
        "dependencies": {
          "Microsoft.NETCore.Platforms": "1.1.0",
          "Microsoft.NETCore.Targets": "1.1.0"
        }
      },
      "runtime.unix.System.Private.Uri": {
        "type": "Transitive",
        "resolved": "4.3.0",
        "contentHash": "ooWzobr5RAq34r9uan1r/WPXJYG1XWy9KanrxNvEnBzbFdQbMG7Y3bVi4QxR7xZMNLOxLLTAyXvnSkfj5boZSg==",
        "dependencies": {
          "runtime.native.System": "4.3.0"
        }
      },
      "SkiaSharp.NativeAssets.Linux": {
        "type": "Transitive",
        "resolved": "2.88.8",
        "contentHash": "0FO6YA7paNFBMJULvEyecPmCvL9/STvOAi5VOUw2srqJ7pNTbiiZkfl7sulAzcumbWgfzaVjRXYTgMj7SoUnWQ==",
        "dependencies": {
          "SkiaSharp": "2.88.8"
        }
      },
      "SkiaSharp.NativeAssets.macOS": {
        "type": "Transitive",
        "resolved": "2.88.8",
        "contentHash": "6Kn5TSkKlfyS6azWHF3Jk2sW5C4jCE5uSshM/5AbfFrR+5n6qM5XEnz9h4VaVl7LTxBvHvMkuPb/3bpbq0vxTw=="
      },
      "SkiaSharp.NativeAssets.Win32": {
        "type": "Transitive",
        "resolved": "2.88.8",
        "contentHash": "O9QXoWEXA+6cweR4h3BOnwMz+pO9vL9mXdjLrpDd0w1QzCgWmLQBxa1VgySDITiH7nQndrDG1h6937zm9pLj1Q=="
      },
      "SQLitePCLRaw.lib.e_sqlite3": {
        "type": "Transitive",
        "resolved": "2.1.6",
        "contentHash": "2ObJJLkIUIxRpOUlZNGuD4rICpBnrBR5anjyfUFQep4hMOIeqW+XGQYzrNmHSVz5xSWZ3klSbh7sFR6UyDj68Q=="
      },
      "Microsoft.Win32.SystemEvents": {
        "type": "CentralTransitive",
        "requested": "[8.0.0, )",
        "resolved": "8.0.0",
        "contentHash": "9opKRyOKMCi2xJ7Bj7kxtZ1r9vbzosMvRrdEhVhDz8j8MoBGgB+WmC94yH839NPH+BclAjtQ/pyagvi/8gDLkw=="
      }
    },
    "net8.0/win-x64": {
      "System.Runtime": {
        "type": "Direct",
        "requested": "[4.3.1, )",
        "resolved": "4.3.1",
        "contentHash": "abhfv1dTK6NXOmu4bgHIONxHyEqFjW8HwXPmpY9gmll+ix9UNo4XDcmzJn6oLooftxNssVHdJC1pGT9jkSynQg==",
        "dependencies": {
          "Microsoft.NETCore.Platforms": "1.1.1",
          "Microsoft.NETCore.Targets": "1.1.3",
          "runtime.any.System.Runtime": "4.3.0"
        }
      },
      "HarfBuzzSharp.NativeAssets.Linux": {
        "type": "Transitive",
        "resolved": "7.3.0.2",
        "contentHash": "aKa5J1RqjXKAtdcZJp5wjC78klfBIzJHM6CneN76lFmQ9LLRJA9Oa0TkIDaV8lVLDKMAy5fCKHXFlXUK1YfL/g==",
        "dependencies": {
          "HarfBuzzSharp": "7.3.0.2"
        }
      },
      "HarfBuzzSharp.NativeAssets.macOS": {
        "type": "Transitive",
        "resolved": "7.3.0.2",
        "contentHash": "nycYH/WLJ6ogm+I+QSFCdPJsdxSb5GANWYbQyp1vsd/KjXN56RVUJWPhbgP2GKb/Y7mrsHM7EProqVXlO/EMsA=="
      },
      "HarfBuzzSharp.NativeAssets.Win32": {
        "type": "Transitive",
        "resolved": "7.3.0.2",
        "contentHash": "DpF9JBzwws2dupOLnjME65hxQWWbN/GD40AoTkwB4S05WANvxo3n81AnQJKxWDCnrWfWhLPB36OF27TvEqzb/A=="
      },
      "runtime.any.System.Runtime": {
        "type": "Transitive",
        "resolved": "4.3.0",
        "contentHash": "fRS7zJgaG9NkifaAxGGclDDoRn9HC7hXACl52Or06a/fxdzDajWb5wov3c6a+gVSlekRoexfjwQSK9sh5um5LQ==",
        "dependencies": {
          "System.Private.Uri": "4.3.0"
        }
      },
      "SkiaSharp.NativeAssets.Linux": {
        "type": "Transitive",
        "resolved": "2.88.8",
        "contentHash": "0FO6YA7paNFBMJULvEyecPmCvL9/STvOAi5VOUw2srqJ7pNTbiiZkfl7sulAzcumbWgfzaVjRXYTgMj7SoUnWQ==",
        "dependencies": {
          "SkiaSharp": "2.88.8"
        }
      },
      "SkiaSharp.NativeAssets.macOS": {
        "type": "Transitive",
        "resolved": "2.88.8",
        "contentHash": "6Kn5TSkKlfyS6azWHF3Jk2sW5C4jCE5uSshM/5AbfFrR+5n6qM5XEnz9h4VaVl7LTxBvHvMkuPb/3bpbq0vxTw=="
      },
      "SkiaSharp.NativeAssets.Win32": {
        "type": "Transitive",
        "resolved": "2.88.8",
        "contentHash": "O9QXoWEXA+6cweR4h3BOnwMz+pO9vL9mXdjLrpDd0w1QzCgWmLQBxa1VgySDITiH7nQndrDG1h6937zm9pLj1Q=="
      },
      "SQLitePCLRaw.lib.e_sqlite3": {
        "type": "Transitive",
        "resolved": "2.1.6",
        "contentHash": "2ObJJLkIUIxRpOUlZNGuD4rICpBnrBR5anjyfUFQep4hMOIeqW+XGQYzrNmHSVz5xSWZ3klSbh7sFR6UyDj68Q=="
      },
      "Microsoft.Win32.SystemEvents": {
        "type": "CentralTransitive",
        "requested": "[8.0.0, )",
        "resolved": "8.0.0",
        "contentHash": "9opKRyOKMCi2xJ7Bj7kxtZ1r9vbzosMvRrdEhVhDz8j8MoBGgB+WmC94yH839NPH+BclAjtQ/pyagvi/8gDLkw=="
      }
    }
  }
}