
Microsoft Visual Studio Solution File, Format Version 12.00
# Visual Studio 15
VisualStudioVersion = 15.0.26403.7
MinimumVisualStudioVersion = 10.0.40219.1
Project("{FAE04EC0-301F-11D3-BF4B-00C04F79EFBC}") = "HiddenWallet.API", "HiddenWallet.API\HiddenWallet.API.csproj", "{150C4E15-F6AD-4620-9198-D236227A90A6}"
EndProject
Project("{9092AA53-FB77-4645-B42D-1CCCA6BD08BD}") = "HiddenWallet.GUI", "HiddenWallet.GUI\HiddenWallet.GUI.njsproj", "{AA83AE28-4FD1-4064-B256-634091A8D738}"
EndProject
Project("{FAE04EC0-301F-11D3-BF4B-00C04F79EFBC}") = "HiddenWallet.Packager", "HiddenWallet.Packager\HiddenWallet.Packager.csproj", "{4B5EF147-46B1-4A6E-B88D-88D1B1D6166D}"
EndProject
Global
	GlobalSection(SolutionConfigurationPlatforms) = preSolution
		Debug|Any CPU = Debug|Any CPU
		Release|Any CPU = Release|Any CPU
	EndGlobalSection
	GlobalSection(ProjectConfigurationPlatforms) = postSolution
		{150C4E15-F6AD-4620-9198-D236227A90A6}.Debug|Any CPU.ActiveCfg = Debug|Any CPU
		{150C4E15-F6AD-4620-9198-D236227A90A6}.Debug|Any CPU.Build.0 = Debug|Any CPU
		{150C4E15-F6AD-4620-9198-D236227A90A6}.Release|Any CPU.ActiveCfg = Release|Any CPU
		{150C4E15-F6AD-4620-9198-D236227A90A6}.Release|Any CPU.Build.0 = Release|Any CPU
		{AA83AE28-4FD1-4064-B256-634091A8D738}.Debug|Any CPU.ActiveCfg = Debug|Any CPU
		{AA83AE28-4FD1-4064-B256-634091A8D738}.Debug|Any CPU.Build.0 = Debug|Any CPU
		{AA83AE28-4FD1-4064-B256-634091A8D738}.Release|Any CPU.ActiveCfg = Release|Any CPU
		{AA83AE28-4FD1-4064-B256-634091A8D738}.Release|Any CPU.Build.0 = Release|Any CPU
		{4B5EF147-46B1-4A6E-B88D-88D1B1D6166D}.Debug|Any CPU.ActiveCfg = Debug|Any CPU
		{4B5EF147-46B1-4A6E-B88D-88D1B1D6166D}.Debug|Any CPU.Build.0 = Debug|Any CPU
		{4B5EF147-46B1-4A6E-B88D-88D1B1D6166D}.Release|Any CPU.ActiveCfg = Release|Any CPU
		{4B5EF147-46B1-4A6E-B88D-88D1B1D6166D}.Release|Any CPU.Build.0 = Release|Any CPU
	EndGlobalSection
	GlobalSection(SolutionProperties) = preSolution
		HideSolutionNode = FALSE
	EndGlobalSection
EndGlobal
